// !$*UTF8*$!
{
	archiveVersion = 1;
	classes = {
	};
	objectVersion = 48;
	objects = {

/* Begin PBXBuildFile section */
		16382FE626FED53481E35AD8 /* Pods_NMBasic.framework in Frameworks */ = {isa = PBXBuildFile; fileRef = FC6AC55704882CC024853792 /* Pods_NMBasic.framework */; };
		980BF1D31FDD280E00C760B9 /* NMBasic.h in Headers */ = {isa = PBXBuildFile; fileRef = 980BF1C51FDD280E00C760B9 /* NMBasic.h */; settings = {ATTRIBUTES = (Public, ); }; };
		9844EFFB20444F9F000AB55D /* BasicManager.swift in Sources */ = {isa = PBXBuildFile; fileRef = 9844EF6D20444F9E000AB55D /* BasicManager.swift */; };
		9844EFFC20444F9F000AB55D /* BasicNetworkManager.swift in Sources */ = {isa = PBXBuildFile; fileRef = 9844EF6E20444F9E000AB55D /* BasicNetworkManager.swift */; };
		9844EFFD20444F9F000AB55D /* BasicSQLiteDBManager.swift in Sources */ = {isa = PBXBuildFile; fileRef = 9844EF6F20444F9E000AB55D /* BasicSQLiteDBManager.swift */; };
		9844EFFE20444F9F000AB55D /* CommunicationManager.swift in Sources */ = {isa = PBXBuildFile; fileRef = 9844EF7020444F9E000AB55D /* CommunicationManager.swift */; };
		9844EFFF20444F9F000AB55D /* NMSessionManager.swift in Sources */ = {isa = PBXBuildFile; fileRef = 9844EF7120444F9E000AB55D /* NMSessionManager.swift */; };
		9844F00020444F9F000AB55D /* ProgressOverlayManager.swift in Sources */ = {isa = PBXBuildFile; fileRef = 9844EF7220444F9E000AB55D /* ProgressOverlayManager.swift */; };
		9844F00120444F9F000AB55D /* BasicUICollectionViewController.swift in Sources */ = {isa = PBXBuildFile; fileRef = 9844EF7420444F9E000AB55D /* BasicUICollectionViewController.swift */; };
		9844F00220444F9F000AB55D /* BasicUITableViewController.swift in Sources */ = {isa = PBXBuildFile; fileRef = 9844EF7520444F9E000AB55D /* BasicUITableViewController.swift */; };
		9844F00320444F9F000AB55D /* BasicUIViewController.swift in Sources */ = {isa = PBXBuildFile; fileRef = 9844EF7620444F9E000AB55D /* BasicUIViewController.swift */; };
		9844F00420444F9F000AB55D /* Data+HTML.swift in Sources */ = {isa = PBXBuildFile; fileRef = 9844EF7920444F9E000AB55D /* Data+HTML.swift */; };
		9844F00520444F9F000AB55D /* Dictionary+Sorted.swift in Sources */ = {isa = PBXBuildFile; fileRef = 9844EF7A20444F9E000AB55D /* Dictionary+Sorted.swift */; };
		9844F00620444F9F000AB55D /* MutableCollection+Shuffle.swift in Sources */ = {isa = PBXBuildFile; fileRef = 9844EF7B20444F9E000AB55D /* MutableCollection+Shuffle.swift */; };
		9844F00720444F9F000AB55D /* NSArray+Shuffle.swift in Sources */ = {isa = PBXBuildFile; fileRef = 9844EF7C20444F9E000AB55D /* NSArray+Shuffle.swift */; };
		9844F00820444F9F000AB55D /* Double+Round.swift in Sources */ = {isa = PBXBuildFile; fileRef = 9844EF7E20444F9E000AB55D /* Double+Round.swift */; };
		9844F00920444F9F000AB55D /* Float+Minus.swift in Sources */ = {isa = PBXBuildFile; fileRef = 9844EF7F20444F9E000AB55D /* Float+Minus.swift */; };
		9844F00A20444F9F000AB55D /* Int+Check.swift in Sources */ = {isa = PBXBuildFile; fileRef = 9844EF8020444F9E000AB55D /* Int+Check.swift */; };
		9844F00B20444F9F000AB55D /* Int+Minus.swift in Sources */ = {isa = PBXBuildFile; fileRef = 9844EF8120444F9E000AB55D /* Int+Minus.swift */; };
		9844F00C20444F9F000AB55D /* AVCaptureDevice+Permissions.swift in Sources */ = {isa = PBXBuildFile; fileRef = 9844EF8320444F9E000AB55D /* AVCaptureDevice+Permissions.swift */; };
		9844F00D20444F9F000AB55D /* Bundle+Utils.swift in Sources */ = {isa = PBXBuildFile; fileRef = 9844EF8420444F9E000AB55D /* Bundle+Utils.swift */; };
		9844F00E20444F9F000AB55D /* CLLocation+GeoCoding.swift in Sources */ = {isa = PBXBuildFile; fileRef = 9844EF8520444F9E000AB55D /* CLLocation+GeoCoding.swift */; };
		9844F00F20444F9F000AB55D /* CLLocationManager+Permissions.swift in Sources */ = {isa = PBXBuildFile; fileRef = 9844EF8620444F9E000AB55D /* CLLocationManager+Permissions.swift */; };
		9844F01020444F9F000AB55D /* DateFormatter+Utils.swift in Sources */ = {isa = PBXBuildFile; fileRef = 9844EF8720444F9E000AB55D /* DateFormatter+Utils.swift */; };
		9844F01120444F9F000AB55D /* Locale+arabic.swift in Sources */ = {isa = PBXBuildFile; fileRef = 9844EF8820444F9E000AB55D /* Locale+arabic.swift */; };
		9844F01220444F9F000AB55D /* NSObject+Nullability.swift in Sources */ = {isa = PBXBuildFile; fileRef = 9844EF8920444F9E000AB55D /* NSObject+Nullability.swift */; };
		9844F01320444F9F000AB55D /* Settings.swift in Sources */ = {isa = PBXBuildFile; fileRef = 9844EF8A20444F9E000AB55D /* Settings.swift */; };
		9844F01420444F9F000AB55D /* NSMutableAttributedString+Extra.swift in Sources */ = {isa = PBXBuildFile; fileRef = 9844EF8C20444F9E000AB55D /* NSMutableAttributedString+Extra.swift */; };
		9844F01520444F9F000AB55D /* String+Height.swift in Sources */ = {isa = PBXBuildFile; fileRef = 9844EF8D20444F9E000AB55D /* String+Height.swift */; };
		9844F01620444F9F000AB55D /* String+HTML.swift in Sources */ = {isa = PBXBuildFile; fileRef = 9844EF8E20444F9E000AB55D /* String+HTML.swift */; };
		9844F01720444F9F000AB55D /* String+Language.swift in Sources */ = {isa = PBXBuildFile; fileRef = 9844EF8F20444F9E000AB55D /* String+Language.swift */; };
		9844F01820444F9F000AB55D /* String+Validations.swift in Sources */ = {isa = PBXBuildFile; fileRef = 9844EF9020444F9E000AB55D /* String+Validations.swift */; };
		9844F01920444F9F000AB55D /* UIButton+Tint.swift in Sources */ = {isa = PBXBuildFile; fileRef = 9844EF9220444F9E000AB55D /* UIButton+Tint.swift */; };
		9844F01A20444F9F000AB55D /* Bundle+Extention.swift in Sources */ = {isa = PBXBuildFile; fileRef = 9844EF9420444F9E000AB55D /* Bundle+Extention.swift */; };
		9844F01B20444F9F000AB55D /* UIApplication+AppDimensions.swift in Sources */ = {isa = PBXBuildFile; fileRef = 9844EF9520444F9E000AB55D /* UIApplication+AppDimensions.swift */; };
		9844F01C20444F9F000AB55D /* UIApplication+Settings.swift in Sources */ = {isa = PBXBuildFile; fileRef = 9844EF9620444F9E000AB55D /* UIApplication+Settings.swift */; };
		9844F01D20444F9F000AB55D /* UIApplication+TopView.swift in Sources */ = {isa = PBXBuildFile; fileRef = 9844EF9720444F9E000AB55D /* UIApplication+TopView.swift */; };
		9844F01E20444F9F000AB55D /* UIApplication+URL.swift in Sources */ = {isa = PBXBuildFile; fileRef = 9844EF9820444F9E000AB55D /* UIApplication+URL.swift */; };
		9844F01F20444F9F000AB55D /* UIBarButtonItem+Utils.swift in Sources */ = {isa = PBXBuildFile; fileRef = 9844EF9920444F9E000AB55D /* UIBarButtonItem+Utils.swift */; };
		9844F02020444F9F000AB55D /* UIColor+Common.swift in Sources */ = {isa = PBXBuildFile; fileRef = 9844EF9A20444F9E000AB55D /* UIColor+Common.swift */; };
		9844F02120444F9F000AB55D /* UIDevice+Type.swift in Sources */ = {isa = PBXBuildFile; fileRef = 9844EF9B20444F9E000AB55D /* UIDevice+Type.swift */; };
		9844F02220444F9F000AB55D /* UIFont+Common.swift in Sources */ = {isa = PBXBuildFile; fileRef = 9844EF9C20444F9E000AB55D /* UIFont+Common.swift */; };
		9844F02320444F9F000AB55D /* UIScreen+Dimentions.swift in Sources */ = {isa = PBXBuildFile; fileRef = 9844EF9D20444F9E000AB55D /* UIScreen+Dimentions.swift */; };
		9844F02420444F9F000AB55D /* UIWindow+VisibleView.swift in Sources */ = {isa = PBXBuildFile; fileRef = 9844EF9E20444F9E000AB55D /* UIWindow+VisibleView.swift */; };
		9844F02520444F9F000AB55D /* UIImage+Colorize.swift in Sources */ = {isa = PBXBuildFile; fileRef = 9844EFA020444F9E000AB55D /* UIImage+Colorize.swift */; };
		9844F02620444F9F000AB55D /* UIImage+Resize.swift in Sources */ = {isa = PBXBuildFile; fileRef = 9844EFA120444F9E000AB55D /* UIImage+Resize.swift */; };
		9844F02720444F9F000AB55D /* UIImageView+Circle.swift in Sources */ = {isa = PBXBuildFile; fileRef = 9844EFA320444F9E000AB55D /* UIImageView+Circle.swift */; };
		9844F02820444F9F000AB55D /* UIImageView+Colorize.swift in Sources */ = {isa = PBXBuildFile; fileRef = 9844EFA420444F9E000AB55D /* UIImageView+Colorize.swift */; };
		9844F02920444F9F000AB55D /* UILabel+VerticalAlign.swift in Sources */ = {isa = PBXBuildFile; fileRef = 9844EFA620444F9E000AB55D /* UILabel+VerticalAlign.swift */; };
		9844F02A20444F9F000AB55D /* UIView+Animation.swift in Sources */ = {isa = PBXBuildFile; fileRef = 9844EFA920444F9E000AB55D /* UIView+Animation.swift */; };
		9844F02B20444F9F000AB55D /* UIView+Constraints.swift in Sources */ = {isa = PBXBuildFile; fileRef = 9844EFAA20444F9E000AB55D /* UIView+Constraints.swift */; };
		9844F02C20444F9F000AB55D /* UIView+Image.swift in Sources */ = {isa = PBXBuildFile; fileRef = 9844EFAB20444F9E000AB55D /* UIView+Image.swift */; };
		9844F02D20444F9F000AB55D /* UIView+Round.swift in Sources */ = {isa = PBXBuildFile; fileRef = 9844EFAC20444F9E000AB55D /* UIView+Round.swift */; };
		9844F02E20444F9F000AB55D /* UIAlertController+Show.swift in Sources */ = {isa = PBXBuildFile; fileRef = 9844EFAE20444F9E000AB55D /* UIAlertController+Show.swift */; };
		9844F02F20444F9F000AB55D /* UICollectionViewController+Orientation.swift in Sources */ = {isa = PBXBuildFile; fileRef = 9844EFAF20444F9E000AB55D /* UICollectionViewController+Orientation.swift */; };
		9844F03020444F9F000AB55D /* UINavigationController+Orientation.swift in Sources */ = {isa = PBXBuildFile; fileRef = 9844EFB020444F9E000AB55D /* UINavigationController+Orientation.swift */; };
		9844F03120444F9F000AB55D /* UITabBarController+Orientation.swift in Sources */ = {isa = PBXBuildFile; fileRef = 9844EFB120444F9E000AB55D /* UITabBarController+Orientation.swift */; };
		9844F03220444F9F000AB55D /* UIViewController+Navigation.swift in Sources */ = {isa = PBXBuildFile; fileRef = 9844EFB220444F9E000AB55D /* UIViewController+Navigation.swift */; };
		9844F03320444F9F000AB55D /* UIViewController+Utils.swift in Sources */ = {isa = PBXBuildFile; fileRef = 9844EFB320444F9E000AB55D /* UIViewController+Utils.swift */; };
		9844F03420444F9F000AB55D /* BasicDBObject.swift in Sources */ = {isa = PBXBuildFile; fileRef = 9844EFB520444F9E000AB55D /* BasicDBObject.swift */; };
		9844F03520444F9F000AB55D /* BasicObject.swift in Sources */ = {isa = PBXBuildFile; fileRef = 9844EFB620444F9E000AB55D /* BasicObject.swift */; };
		9844F03620444F9F000AB55D /* EnableDisableImageUIButton.swift in Sources */ = {isa = PBXBuildFile; fileRef = 9844EFB920444F9F000AB55D /* EnableDisableImageUIButton.swift */; };
		9844F03720444F9F000AB55D /* LocaleKeyUIButton.swift in Sources */ = {isa = PBXBuildFile; fileRef = 9844EFBA20444F9F000AB55D /* LocaleKeyUIButton.swift */; };
		9844F03820444F9F000AB55D /* RedTintedUIButton.swift in Sources */ = {isa = PBXBuildFile; fileRef = 9844EFBB20444F9F000AB55D /* RedTintedUIButton.swift */; };
		9844F03920444F9F000AB55D /* RoundEdgesUIButton.swift in Sources */ = {isa = PBXBuildFile; fileRef = 9844EFBC20444F9F000AB55D /* RoundEdgesUIButton.swift */; };
		9844F03A20444F9F000AB55D /* RoundedTintedBGUIButton.swift in Sources */ = {isa = PBXBuildFile; fileRef = 9844EFBD20444F9F000AB55D /* RoundedTintedBGUIButton.swift */; };
		9844F03B20444F9F000AB55D /* SegueActionUIButton.swift in Sources */ = {isa = PBXBuildFile; fileRef = 9844EFBE20444F9F000AB55D /* SegueActionUIButton.swift */; };
		9844F03C20444F9F000AB55D /* TintedBGUIButton.swift in Sources */ = {isa = PBXBuildFile; fileRef = 9844EFBF20444F9F000AB55D /* TintedBGUIButton.swift */; };
		9844F03D20444F9F000AB55D /* TintedFilledUIButton.swift in Sources */ = {isa = PBXBuildFile; fileRef = 9844EFC020444F9F000AB55D /* TintedFilledUIButton.swift */; };
		9844F03E20444F9F000AB55D /* TintedGreyRoundBorderLocaleUIButton.swift in Sources */ = {isa = PBXBuildFile; fileRef = 9844EFC120444F9F000AB55D /* TintedGreyRoundBorderLocaleUIButton.swift */; };
		9844F03F20444F9F000AB55D /* TintedImageUIButton.swift in Sources */ = {isa = PBXBuildFile; fileRef = 9844EFC220444F9F000AB55D /* TintedImageUIButton.swift */; };
		9844F04020444F9F000AB55D /* TintedNoGreyUIButton.swift in Sources */ = {isa = PBXBuildFile; fileRef = 9844EFC320444F9F000AB55D /* TintedNoGreyUIButton.swift */; };
		9844F04120444F9F000AB55D /* TintedRoundBorderLocaleUIButton.swift in Sources */ = {isa = PBXBuildFile; fileRef = 9844EFC420444F9F000AB55D /* TintedRoundBorderLocaleUIButton.swift */; };
		9844F04220444F9F000AB55D /* TintedRoundedFilledUIButton.swift in Sources */ = {isa = PBXBuildFile; fileRef = 9844EFC520444F9F000AB55D /* TintedRoundedFilledUIButton.swift */; };
		9844F04320444F9F000AB55D /* TintedUIButton.swift in Sources */ = {isa = PBXBuildFile; fileRef = 9844EFC620444F9F000AB55D /* TintedUIButton.swift */; };
		9844F04420444F9F000AB55D /* LocalizedTintedUIImageView.swift in Sources */ = {isa = PBXBuildFile; fileRef = 9844EFC820444F9F000AB55D /* LocalizedTintedUIImageView.swift */; };
		9844F04520444F9F000AB55D /* LocalizedUIImageView.swift in Sources */ = {isa = PBXBuildFile; fileRef = 9844EFC920444F9F000AB55D /* LocalizedUIImageView.swift */; };
		9844F04620444F9F000AB55D /* RoundedUIImageView.swift in Sources */ = {isa = PBXBuildFile; fileRef = 9844EFCA20444F9F000AB55D /* RoundedUIImageView.swift */; };
		9844F04720444F9F000AB55D /* TintedRedUIImageView.swift in Sources */ = {isa = PBXBuildFile; fileRef = 9844EFCB20444F9F000AB55D /* TintedRedUIImageView.swift */; };
		9844F04820444F9F000AB55D /* TintedResizedUIImageView.swift in Sources */ = {isa = PBXBuildFile; fileRef = 9844EFCC20444F9F000AB55D /* TintedResizedUIImageView.swift */; };
		9844F04920444F9F000AB55D /* TintedUIImageView.swift in Sources */ = {isa = PBXBuildFile; fileRef = 9844EFCD20444F9F000AB55D /* TintedUIImageView.swift */; };
		9844F04A20444F9F000AB55D /* AlignedUILabel.swift in Sources */ = {isa = PBXBuildFile; fileRef = 9844EFCF20444F9F000AB55D /* AlignedUILabel.swift */; };
		9844F04B20444F9F000AB55D /* LocaleAlignedUILabel.swift in Sources */ = {isa = PBXBuildFile; fileRef = 9844EFD020444F9F000AB55D /* LocaleAlignedUILabel.swift */; };
		9844F04C20444F9F000AB55D /* LocaleKeyUILabel.swift in Sources */ = {isa = PBXBuildFile; fileRef = 9844EFD120444F9F000AB55D /* LocaleKeyUILabel.swift */; };
		9844F04D20444F9F000AB55D /* LocalizedUILabel.swift in Sources */ = {isa = PBXBuildFile; fileRef = 9844EFD220444F9F000AB55D /* LocalizedUILabel.swift */; };
		9844F04E20444F9F000AB55D /* NMTintedUILabel.swift in Sources */ = {isa = PBXBuildFile; fileRef = 9844EFD320444F9F000AB55D /* NMTintedUILabel.swift */; };
		9844F04F20444F9F000AB55D /* RoundedFilledUILabel.swift in Sources */ = {isa = PBXBuildFile; fileRef = 9844EFD420444F9F000AB55D /* RoundedFilledUILabel.swift */; };
		9844F05020444F9F000AB55D /* TintedBGRoundedUILabel.swift in Sources */ = {isa = PBXBuildFile; fileRef = 9844EFD520444F9F000AB55D /* TintedBGRoundedUILabel.swift */; };
		9844F05120444F9F000AB55D /* TintedBGUILabel.swift in Sources */ = {isa = PBXBuildFile; fileRef = 9844EFD620444F9F000AB55D /* TintedBGUILabel.swift */; };
		9844F05220444F9F000AB55D /* TintedLocalizedUILabel.swift in Sources */ = {isa = PBXBuildFile; fileRef = 9844EFD720444F9F000AB55D /* TintedLocalizedUILabel.swift */; };
		9844F05320444F9F000AB55D /* TintedUILabel.swift in Sources */ = {isa = PBXBuildFile; fileRef = 9844EFD820444F9F000AB55D /* TintedUILabel.swift */; };
		9844F05420444F9F000AB55D /* VerticalAlignLabel.swift in Sources */ = {isa = PBXBuildFile; fileRef = 9844EFD920444F9F000AB55D /* VerticalAlignLabel.swift */; };
		9844F05520444F9F000AB55D /* TintedUIActivityIndicatorView.swift in Sources */ = {isa = PBXBuildFile; fileRef = 9844EFDB20444F9F000AB55D /* TintedUIActivityIndicatorView.swift */; };
		9844F05620444F9F000AB55D /* TintedLocalizedUIBarButtonItem.swift in Sources */ = {isa = PBXBuildFile; fileRef = 9844EFDD20444F9F000AB55D /* TintedLocalizedUIBarButtonItem.swift */; };
		9844F05720444F9F000AB55D /* TintedUIBarButtonItem.swift in Sources */ = {isa = PBXBuildFile; fileRef = 9844EFDE20444F9F000AB55D /* TintedUIBarButtonItem.swift */; };
		9844F05820444F9F000AB55D /* TintedUINavigationBar.swift in Sources */ = {isa = PBXBuildFile; fileRef = 9844EFDF20444F9F000AB55D /* TintedUINavigationBar.swift */; };
		9844F05920444F9F000AB55D /* CustomCollectionViewLayout.swift in Sources */ = {isa = PBXBuildFile; fileRef = 9844EFE120444F9F000AB55D /* CustomCollectionViewLayout.swift */; };
		9844F05A20444F9F000AB55D /* LocaleKeyUITextField.swift in Sources */ = {isa = PBXBuildFile; fileRef = 9844EFE220444F9F000AB55D /* LocaleKeyUITextField.swift */; };
		9844F05B20444F9F000AB55D /* RoundedEdgesUITableViewCell.swift in Sources */ = {isa = PBXBuildFile; fileRef = 9844EFE320444F9F000AB55D /* RoundedEdgesUITableViewCell.swift */; };
		9844F05C20444F9F000AB55D /* TintedUIProgressView.swift in Sources */ = {isa = PBXBuildFile; fileRef = 9844EFE420444F9F000AB55D /* TintedUIProgressView.swift */; };
		9844F05D20444F9F000AB55D /* TintedUISegmentedControl.swift in Sources */ = {isa = PBXBuildFile; fileRef = 9844EFE520444F9F000AB55D /* TintedUISegmentedControl.swift */; };
		9844F05E20444F9F000AB55D /* TintedUISwitch.swift in Sources */ = {isa = PBXBuildFile; fileRef = 9844EFE620444F9F000AB55D /* TintedUISwitch.swift */; };
		9844F05F20444F9F000AB55D /* KMPlaceholderTextView.swift in Sources */ = {isa = PBXBuildFile; fileRef = 9844EFE820444F9F000AB55D /* KMPlaceholderTextView.swift */; };
		9844F06020444F9F000AB55D /* TintedUIPlaceHolderTextView.swift in Sources */ = {isa = PBXBuildFile; fileRef = 9844EFE920444F9F000AB55D /* TintedUIPlaceHolderTextView.swift */; };
		9844F06120444F9F000AB55D /* ActionViewButtonUIView.swift in Sources */ = {isa = PBXBuildFile; fileRef = 9844EFEB20444F9F000AB55D /* ActionViewButtonUIView.swift */; };
		9844F06220444F9F000AB55D /* ActionViewRedButtonUIView.swift in Sources */ = {isa = PBXBuildFile; fileRef = 9844EFEC20444F9F000AB55D /* ActionViewRedButtonUIView.swift */; };
		9844F06320444F9F000AB55D /* ImageAndButtonUIView.swift in Sources */ = {isa = PBXBuildFile; fileRef = 9844EFED20444F9F000AB55D /* ImageAndButtonUIView.swift */; };
		9844F06420444F9F000AB55D /* ImageButtonUIView.swift in Sources */ = {isa = PBXBuildFile; fileRef = 9844EFEE20444F9F000AB55D /* ImageButtonUIView.swift */; };
		9844F06520444F9F000AB55D /* LabelAndUIButtonActionUIView.swift in Sources */ = {isa = PBXBuildFile; fileRef = 9844EFEF20444F9F000AB55D /* LabelAndUIButtonActionUIView.swift */; };
		9844F06620444F9F000AB55D /* LabeledButtonActionUIView.swift in Sources */ = {isa = PBXBuildFile; fileRef = 9844EFF020444F9F000AB55D /* LabeledButtonActionUIView.swift */; };
		9844F06720444F9F000AB55D /* RedButtonActionUIView.swift in Sources */ = {isa = PBXBuildFile; fileRef = 9844EFF120444F9F000AB55D /* RedButtonActionUIView.swift */; };
		9844F06820444F9F000AB55D /* SelectionLabelImageActionUIView.swift in Sources */ = {isa = PBXBuildFile; fileRef = 9844EFF220444F9F000AB55D /* SelectionLabelImageActionUIView.swift */; };
		9844F06920444F9F000AB55D /* ColoredProgressView.swift in Sources */ = {isa = PBXBuildFile; fileRef = 9844EFF420444F9F000AB55D /* ColoredProgressView.swift */; };
		9844F06A20444F9F000AB55D /* Assets.xcassets in Resources */ = {isa = PBXBuildFile; fileRef = 9844EFF720444F9F000AB55D /* Assets.xcassets */; };
		9844F06B20444F9F000AB55D /* BasicLocationManager.swift in Sources */ = {isa = PBXBuildFile; fileRef = 9844EFF820444F9F000AB55D /* BasicLocationManager.swift */; };
		9844F06C20444F9F000AB55D /* LocationPicker.storyboard in Resources */ = {isa = PBXBuildFile; fileRef = 9844EFF920444F9F000AB55D /* LocationPicker.storyboard */; };
		9844F06D20444F9F000AB55D /* LocationPickerViewController.swift in Sources */ = {isa = PBXBuildFile; fileRef = 9844EFFA20444F9F000AB55D /* LocationPickerViewController.swift */; };
		98B7122D1FDD29F0005E0659 /* NMBasic-Bridging-Header.h in Headers */ = {isa = PBXBuildFile; fileRef = 98B7117E1FDD29F0005E0659 /* NMBasic-Bridging-Header.h */; };
		98B712341FDD29F0005E0659 /* NMBasicManager.swift in Sources */ = {isa = PBXBuildFile; fileRef = 98B711831FDD29F0005E0659 /* NMBasicManager.swift */; };
/* End PBXBuildFile section */

/* Begin PBXFileReference section */
		142FBC7907D65D7155C4EE07 /* Pods-NMBasic.release.xcconfig */ = {isa = PBXFileReference; includeInIndex = 1; lastKnownFileType = text.xcconfig; name = "Pods-NMBasic.release.xcconfig"; path = "Pods/Target Support Files/Pods-NMBasic/Pods-NMBasic.release.xcconfig"; sourceTree = "<group>"; };
		980BF1C21FDD280E00C760B9 /* NMBasic.framework */ = {isa = PBXFileReference; explicitFileType = wrapper.framework; includeInIndex = 0; path = NMBasic.framework; sourceTree = BUILT_PRODUCTS_DIR; };
		980BF1C51FDD280E00C760B9 /* NMBasic.h */ = {isa = PBXFileReference; lastKnownFileType = sourcecode.c.h; path = NMBasic.h; sourceTree = "<group>"; };
		980BF1C61FDD280E00C760B9 /* Info.plist */ = {isa = PBXFileReference; lastKnownFileType = text.plist.xml; path = Info.plist; sourceTree = "<group>"; };
		980BF1D01FDD280E00C760B9 /* NMBasicTests.swift */ = {isa = PBXFileReference; lastKnownFileType = sourcecode.swift; path = NMBasicTests.swift; sourceTree = "<group>"; };
		980BF1D21FDD280E00C760B9 /* Info.plist */ = {isa = PBXFileReference; lastKnownFileType = text.plist.xml; path = Info.plist; sourceTree = "<group>"; };
		9844EF6D20444F9E000AB55D /* BasicManager.swift */ = {isa = PBXFileReference; fileEncoding = 4; lastKnownFileType = sourcecode.swift; path = BasicManager.swift; sourceTree = "<group>"; };
		9844EF6E20444F9E000AB55D /* BasicNetworkManager.swift */ = {isa = PBXFileReference; fileEncoding = 4; lastKnownFileType = sourcecode.swift; path = BasicNetworkManager.swift; sourceTree = "<group>"; };
		9844EF6F20444F9E000AB55D /* BasicSQLiteDBManager.swift */ = {isa = PBXFileReference; fileEncoding = 4; lastKnownFileType = sourcecode.swift; path = BasicSQLiteDBManager.swift; sourceTree = "<group>"; };
		9844EF7020444F9E000AB55D /* CommunicationManager.swift */ = {isa = PBXFileReference; fileEncoding = 4; lastKnownFileType = sourcecode.swift; path = CommunicationManager.swift; sourceTree = "<group>"; };
		9844EF7120444F9E000AB55D /* NMSessionManager.swift */ = {isa = PBXFileReference; fileEncoding = 4; lastKnownFileType = sourcecode.swift; path = NMSessionManager.swift; sourceTree = "<group>"; };
		9844EF7220444F9E000AB55D /* ProgressOverlayManager.swift */ = {isa = PBXFileReference; fileEncoding = 4; lastKnownFileType = sourcecode.swift; path = ProgressOverlayManager.swift; sourceTree = "<group>"; };
		9844EF7420444F9E000AB55D /* BasicUICollectionViewController.swift */ = {isa = PBXFileReference; fileEncoding = 4; lastKnownFileType = sourcecode.swift; path = BasicUICollectionViewController.swift; sourceTree = "<group>"; };
		9844EF7520444F9E000AB55D /* BasicUITableViewController.swift */ = {isa = PBXFileReference; fileEncoding = 4; lastKnownFileType = sourcecode.swift; path = BasicUITableViewController.swift; sourceTree = "<group>"; };
		9844EF7620444F9E000AB55D /* BasicUIViewController.swift */ = {isa = PBXFileReference; fileEncoding = 4; lastKnownFileType = sourcecode.swift; path = BasicUIViewController.swift; sourceTree = "<group>"; };
		9844EF7920444F9E000AB55D /* Data+HTML.swift */ = {isa = PBXFileReference; fileEncoding = 4; lastKnownFileType = sourcecode.swift; path = "Data+HTML.swift"; sourceTree = "<group>"; };
		9844EF7A20444F9E000AB55D /* Dictionary+Sorted.swift */ = {isa = PBXFileReference; fileEncoding = 4; lastKnownFileType = sourcecode.swift; path = "Dictionary+Sorted.swift"; sourceTree = "<group>"; };
		9844EF7B20444F9E000AB55D /* MutableCollection+Shuffle.swift */ = {isa = PBXFileReference; fileEncoding = 4; lastKnownFileType = sourcecode.swift; path = "MutableCollection+Shuffle.swift"; sourceTree = "<group>"; };
		9844EF7C20444F9E000AB55D /* NSArray+Shuffle.swift */ = {isa = PBXFileReference; fileEncoding = 4; lastKnownFileType = sourcecode.swift; path = "NSArray+Shuffle.swift"; sourceTree = "<group>"; };
		9844EF7E20444F9E000AB55D /* Double+Round.swift */ = {isa = PBXFileReference; fileEncoding = 4; lastKnownFileType = sourcecode.swift; path = "Double+Round.swift"; sourceTree = "<group>"; };
		9844EF7F20444F9E000AB55D /* Float+Minus.swift */ = {isa = PBXFileReference; fileEncoding = 4; lastKnownFileType = sourcecode.swift; path = "Float+Minus.swift"; sourceTree = "<group>"; };
		9844EF8020444F9E000AB55D /* Int+Check.swift */ = {isa = PBXFileReference; fileEncoding = 4; lastKnownFileType = sourcecode.swift; path = "Int+Check.swift"; sourceTree = "<group>"; };
		9844EF8120444F9E000AB55D /* Int+Minus.swift */ = {isa = PBXFileReference; fileEncoding = 4; lastKnownFileType = sourcecode.swift; path = "Int+Minus.swift"; sourceTree = "<group>"; };
		9844EF8320444F9E000AB55D /* AVCaptureDevice+Permissions.swift */ = {isa = PBXFileReference; fileEncoding = 4; lastKnownFileType = sourcecode.swift; path = "AVCaptureDevice+Permissions.swift"; sourceTree = "<group>"; };
		9844EF8420444F9E000AB55D /* Bundle+Utils.swift */ = {isa = PBXFileReference; fileEncoding = 4; lastKnownFileType = sourcecode.swift; path = "Bundle+Utils.swift"; sourceTree = "<group>"; };
		9844EF8520444F9E000AB55D /* CLLocation+GeoCoding.swift */ = {isa = PBXFileReference; fileEncoding = 4; lastKnownFileType = sourcecode.swift; path = "CLLocation+GeoCoding.swift"; sourceTree = "<group>"; };
		9844EF8620444F9E000AB55D /* CLLocationManager+Permissions.swift */ = {isa = PBXFileReference; fileEncoding = 4; lastKnownFileType = sourcecode.swift; path = "CLLocationManager+Permissions.swift"; sourceTree = "<group>"; };
		9844EF8720444F9E000AB55D /* DateFormatter+Utils.swift */ = {isa = PBXFileReference; fileEncoding = 4; lastKnownFileType = sourcecode.swift; path = "DateFormatter+Utils.swift"; sourceTree = "<group>"; };
		9844EF8820444F9E000AB55D /* Locale+arabic.swift */ = {isa = PBXFileReference; fileEncoding = 4; lastKnownFileType = sourcecode.swift; path = "Locale+arabic.swift"; sourceTree = "<group>"; };
		9844EF8920444F9E000AB55D /* NSObject+Nullability.swift */ = {isa = PBXFileReference; fileEncoding = 4; lastKnownFileType = sourcecode.swift; path = "NSObject+Nullability.swift"; sourceTree = "<group>"; };
		9844EF8A20444F9E000AB55D /* Settings.swift */ = {isa = PBXFileReference; fileEncoding = 4; lastKnownFileType = sourcecode.swift; path = Settings.swift; sourceTree = "<group>"; };
		9844EF8C20444F9E000AB55D /* NSMutableAttributedString+Extra.swift */ = {isa = PBXFileReference; fileEncoding = 4; lastKnownFileType = sourcecode.swift; path = "NSMutableAttributedString+Extra.swift"; sourceTree = "<group>"; };
		9844EF8D20444F9E000AB55D /* String+Height.swift */ = {isa = PBXFileReference; fileEncoding = 4; lastKnownFileType = sourcecode.swift; path = "String+Height.swift"; sourceTree = "<group>"; };
		9844EF8E20444F9E000AB55D /* String+HTML.swift */ = {isa = PBXFileReference; fileEncoding = 4; lastKnownFileType = sourcecode.swift; path = "String+HTML.swift"; sourceTree = "<group>"; };
		9844EF8F20444F9E000AB55D /* String+Language.swift */ = {isa = PBXFileReference; fileEncoding = 4; lastKnownFileType = sourcecode.swift; path = "String+Language.swift"; sourceTree = "<group>"; };
		9844EF9020444F9E000AB55D /* String+Validations.swift */ = {isa = PBXFileReference; fileEncoding = 4; lastKnownFileType = sourcecode.swift; path = "String+Validations.swift"; sourceTree = "<group>"; };
		9844EF9220444F9E000AB55D /* UIButton+Tint.swift */ = {isa = PBXFileReference; fileEncoding = 4; lastKnownFileType = sourcecode.swift; path = "UIButton+Tint.swift"; sourceTree = "<group>"; };
		9844EF9420444F9E000AB55D /* Bundle+Extention.swift */ = {isa = PBXFileReference; fileEncoding = 4; lastKnownFileType = sourcecode.swift; path = "Bundle+Extention.swift"; sourceTree = "<group>"; };
		9844EF9520444F9E000AB55D /* UIApplication+AppDimensions.swift */ = {isa = PBXFileReference; fileEncoding = 4; lastKnownFileType = sourcecode.swift; path = "UIApplication+AppDimensions.swift"; sourceTree = "<group>"; };
		9844EF9620444F9E000AB55D /* UIApplication+Settings.swift */ = {isa = PBXFileReference; fileEncoding = 4; lastKnownFileType = sourcecode.swift; path = "UIApplication+Settings.swift"; sourceTree = "<group>"; };
		9844EF9720444F9E000AB55D /* UIApplication+TopView.swift */ = {isa = PBXFileReference; fileEncoding = 4; lastKnownFileType = sourcecode.swift; path = "UIApplication+TopView.swift"; sourceTree = "<group>"; };
		9844EF9820444F9E000AB55D /* UIApplication+URL.swift */ = {isa = PBXFileReference; fileEncoding = 4; lastKnownFileType = sourcecode.swift; path = "UIApplication+URL.swift"; sourceTree = "<group>"; };
		9844EF9920444F9E000AB55D /* UIBarButtonItem+Utils.swift */ = {isa = PBXFileReference; fileEncoding = 4; lastKnownFileType = sourcecode.swift; path = "UIBarButtonItem+Utils.swift"; sourceTree = "<group>"; };
		9844EF9A20444F9E000AB55D /* UIColor+Common.swift */ = {isa = PBXFileReference; fileEncoding = 4; lastKnownFileType = sourcecode.swift; path = "UIColor+Common.swift"; sourceTree = "<group>"; };
		9844EF9B20444F9E000AB55D /* UIDevice+Type.swift */ = {isa = PBXFileReference; fileEncoding = 4; lastKnownFileType = sourcecode.swift; path = "UIDevice+Type.swift"; sourceTree = "<group>"; };
		9844EF9C20444F9E000AB55D /* UIFont+Common.swift */ = {isa = PBXFileReference; fileEncoding = 4; lastKnownFileType = sourcecode.swift; path = "UIFont+Common.swift"; sourceTree = "<group>"; };
		9844EF9D20444F9E000AB55D /* UIScreen+Dimentions.swift */ = {isa = PBXFileReference; fileEncoding = 4; lastKnownFileType = sourcecode.swift; path = "UIScreen+Dimentions.swift"; sourceTree = "<group>"; };
		9844EF9E20444F9E000AB55D /* UIWindow+VisibleView.swift */ = {isa = PBXFileReference; fileEncoding = 4; lastKnownFileType = sourcecode.swift; path = "UIWindow+VisibleView.swift"; sourceTree = "<group>"; };
		9844EFA020444F9E000AB55D /* UIImage+Colorize.swift */ = {isa = PBXFileReference; fileEncoding = 4; lastKnownFileType = sourcecode.swift; path = "UIImage+Colorize.swift"; sourceTree = "<group>"; };
		9844EFA120444F9E000AB55D /* UIImage+Resize.swift */ = {isa = PBXFileReference; fileEncoding = 4; lastKnownFileType = sourcecode.swift; path = "UIImage+Resize.swift"; sourceTree = "<group>"; };
		9844EFA320444F9E000AB55D /* UIImageView+Circle.swift */ = {isa = PBXFileReference; fileEncoding = 4; lastKnownFileType = sourcecode.swift; path = "UIImageView+Circle.swift"; sourceTree = "<group>"; };
		9844EFA420444F9E000AB55D /* UIImageView+Colorize.swift */ = {isa = PBXFileReference; fileEncoding = 4; lastKnownFileType = sourcecode.swift; path = "UIImageView+Colorize.swift"; sourceTree = "<group>"; };
		9844EFA620444F9E000AB55D /* UILabel+VerticalAlign.swift */ = {isa = PBXFileReference; fileEncoding = 4; lastKnownFileType = sourcecode.swift; path = "UILabel+VerticalAlign.swift"; sourceTree = "<group>"; };
		9844EFA920444F9E000AB55D /* UIView+Animation.swift */ = {isa = PBXFileReference; fileEncoding = 4; lastKnownFileType = sourcecode.swift; path = "UIView+Animation.swift"; sourceTree = "<group>"; };
		9844EFAA20444F9E000AB55D /* UIView+Constraints.swift */ = {isa = PBXFileReference; fileEncoding = 4; lastKnownFileType = sourcecode.swift; path = "UIView+Constraints.swift"; sourceTree = "<group>"; };
		9844EFAB20444F9E000AB55D /* UIView+Image.swift */ = {isa = PBXFileReference; fileEncoding = 4; lastKnownFileType = sourcecode.swift; path = "UIView+Image.swift"; sourceTree = "<group>"; };
		9844EFAC20444F9E000AB55D /* UIView+Round.swift */ = {isa = PBXFileReference; fileEncoding = 4; lastKnownFileType = sourcecode.swift; path = "UIView+Round.swift"; sourceTree = "<group>"; };
		9844EFAE20444F9E000AB55D /* UIAlertController+Show.swift */ = {isa = PBXFileReference; fileEncoding = 4; lastKnownFileType = sourcecode.swift; path = "UIAlertController+Show.swift"; sourceTree = "<group>"; };
		9844EFAF20444F9E000AB55D /* UICollectionViewController+Orientation.swift */ = {isa = PBXFileReference; fileEncoding = 4; lastKnownFileType = sourcecode.swift; path = "UICollectionViewController+Orientation.swift"; sourceTree = "<group>"; };
		9844EFB020444F9E000AB55D /* UINavigationController+Orientation.swift */ = {isa = PBXFileReference; fileEncoding = 4; lastKnownFileType = sourcecode.swift; path = "UINavigationController+Orientation.swift"; sourceTree = "<group>"; };
		9844EFB120444F9E000AB55D /* UITabBarController+Orientation.swift */ = {isa = PBXFileReference; fileEncoding = 4; lastKnownFileType = sourcecode.swift; path = "UITabBarController+Orientation.swift"; sourceTree = "<group>"; };
		9844EFB220444F9E000AB55D /* UIViewController+Navigation.swift */ = {isa = PBXFileReference; fileEncoding = 4; lastKnownFileType = sourcecode.swift; path = "UIViewController+Navigation.swift"; sourceTree = "<group>"; };
		9844EFB320444F9E000AB55D /* UIViewController+Utils.swift */ = {isa = PBXFileReference; fileEncoding = 4; lastKnownFileType = sourcecode.swift; path = "UIViewController+Utils.swift"; sourceTree = "<group>"; };
		9844EFB520444F9E000AB55D /* BasicDBObject.swift */ = {isa = PBXFileReference; fileEncoding = 4; lastKnownFileType = sourcecode.swift; path = BasicDBObject.swift; sourceTree = "<group>"; };
		9844EFB620444F9E000AB55D /* BasicObject.swift */ = {isa = PBXFileReference; fileEncoding = 4; lastKnownFileType = sourcecode.swift; path = BasicObject.swift; sourceTree = "<group>"; };
		9844EFB920444F9F000AB55D /* EnableDisableImageUIButton.swift */ = {isa = PBXFileReference; fileEncoding = 4; lastKnownFileType = sourcecode.swift; path = EnableDisableImageUIButton.swift; sourceTree = "<group>"; };
		9844EFBA20444F9F000AB55D /* LocaleKeyUIButton.swift */ = {isa = PBXFileReference; fileEncoding = 4; lastKnownFileType = sourcecode.swift; path = LocaleKeyUIButton.swift; sourceTree = "<group>"; };
		9844EFBB20444F9F000AB55D /* RedTintedUIButton.swift */ = {isa = PBXFileReference; fileEncoding = 4; lastKnownFileType = sourcecode.swift; path = RedTintedUIButton.swift; sourceTree = "<group>"; };
		9844EFBC20444F9F000AB55D /* RoundEdgesUIButton.swift */ = {isa = PBXFileReference; fileEncoding = 4; lastKnownFileType = sourcecode.swift; path = RoundEdgesUIButton.swift; sourceTree = "<group>"; };
		9844EFBD20444F9F000AB55D /* RoundedTintedBGUIButton.swift */ = {isa = PBXFileReference; fileEncoding = 4; lastKnownFileType = sourcecode.swift; path = RoundedTintedBGUIButton.swift; sourceTree = "<group>"; };
		9844EFBE20444F9F000AB55D /* SegueActionUIButton.swift */ = {isa = PBXFileReference; fileEncoding = 4; lastKnownFileType = sourcecode.swift; path = SegueActionUIButton.swift; sourceTree = "<group>"; };
		9844EFBF20444F9F000AB55D /* TintedBGUIButton.swift */ = {isa = PBXFileReference; fileEncoding = 4; lastKnownFileType = sourcecode.swift; path = TintedBGUIButton.swift; sourceTree = "<group>"; };
		9844EFC020444F9F000AB55D /* TintedFilledUIButton.swift */ = {isa = PBXFileReference; fileEncoding = 4; lastKnownFileType = sourcecode.swift; path = TintedFilledUIButton.swift; sourceTree = "<group>"; };
		9844EFC120444F9F000AB55D /* TintedGreyRoundBorderLocaleUIButton.swift */ = {isa = PBXFileReference; fileEncoding = 4; lastKnownFileType = sourcecode.swift; path = TintedGreyRoundBorderLocaleUIButton.swift; sourceTree = "<group>"; };
		9844EFC220444F9F000AB55D /* TintedImageUIButton.swift */ = {isa = PBXFileReference; fileEncoding = 4; lastKnownFileType = sourcecode.swift; path = TintedImageUIButton.swift; sourceTree = "<group>"; };
		9844EFC320444F9F000AB55D /* TintedNoGreyUIButton.swift */ = {isa = PBXFileReference; fileEncoding = 4; lastKnownFileType = sourcecode.swift; path = TintedNoGreyUIButton.swift; sourceTree = "<group>"; };
		9844EFC420444F9F000AB55D /* TintedRoundBorderLocaleUIButton.swift */ = {isa = PBXFileReference; fileEncoding = 4; lastKnownFileType = sourcecode.swift; path = TintedRoundBorderLocaleUIButton.swift; sourceTree = "<group>"; };
		9844EFC520444F9F000AB55D /* TintedRoundedFilledUIButton.swift */ = {isa = PBXFileReference; fileEncoding = 4; lastKnownFileType = sourcecode.swift; path = TintedRoundedFilledUIButton.swift; sourceTree = "<group>"; };
		9844EFC620444F9F000AB55D /* TintedUIButton.swift */ = {isa = PBXFileReference; fileEncoding = 4; lastKnownFileType = sourcecode.swift; path = TintedUIButton.swift; sourceTree = "<group>"; };
		9844EFC820444F9F000AB55D /* LocalizedTintedUIImageView.swift */ = {isa = PBXFileReference; fileEncoding = 4; lastKnownFileType = sourcecode.swift; path = LocalizedTintedUIImageView.swift; sourceTree = "<group>"; };
		9844EFC920444F9F000AB55D /* LocalizedUIImageView.swift */ = {isa = PBXFileReference; fileEncoding = 4; lastKnownFileType = sourcecode.swift; path = LocalizedUIImageView.swift; sourceTree = "<group>"; };
		9844EFCA20444F9F000AB55D /* RoundedUIImageView.swift */ = {isa = PBXFileReference; fileEncoding = 4; lastKnownFileType = sourcecode.swift; path = RoundedUIImageView.swift; sourceTree = "<group>"; };
		9844EFCB20444F9F000AB55D /* TintedRedUIImageView.swift */ = {isa = PBXFileReference; fileEncoding = 4; lastKnownFileType = sourcecode.swift; path = TintedRedUIImageView.swift; sourceTree = "<group>"; };
		9844EFCC20444F9F000AB55D /* TintedResizedUIImageView.swift */ = {isa = PBXFileReference; fileEncoding = 4; lastKnownFileType = sourcecode.swift; path = TintedResizedUIImageView.swift; sourceTree = "<group>"; };
		9844EFCD20444F9F000AB55D /* TintedUIImageView.swift */ = {isa = PBXFileReference; fileEncoding = 4; lastKnownFileType = sourcecode.swift; path = TintedUIImageView.swift; sourceTree = "<group>"; };
		9844EFCF20444F9F000AB55D /* AlignedUILabel.swift */ = {isa = PBXFileReference; fileEncoding = 4; lastKnownFileType = sourcecode.swift; path = AlignedUILabel.swift; sourceTree = "<group>"; };
		9844EFD020444F9F000AB55D /* LocaleAlignedUILabel.swift */ = {isa = PBXFileReference; fileEncoding = 4; lastKnownFileType = sourcecode.swift; path = LocaleAlignedUILabel.swift; sourceTree = "<group>"; };
		9844EFD120444F9F000AB55D /* LocaleKeyUILabel.swift */ = {isa = PBXFileReference; fileEncoding = 4; lastKnownFileType = sourcecode.swift; path = LocaleKeyUILabel.swift; sourceTree = "<group>"; };
		9844EFD220444F9F000AB55D /* LocalizedUILabel.swift */ = {isa = PBXFileReference; fileEncoding = 4; lastKnownFileType = sourcecode.swift; path = LocalizedUILabel.swift; sourceTree = "<group>"; };
		9844EFD320444F9F000AB55D /* NMTintedUILabel.swift */ = {isa = PBXFileReference; fileEncoding = 4; lastKnownFileType = sourcecode.swift; path = NMTintedUILabel.swift; sourceTree = "<group>"; };
		9844EFD420444F9F000AB55D /* RoundedFilledUILabel.swift */ = {isa = PBXFileReference; fileEncoding = 4; lastKnownFileType = sourcecode.swift; path = RoundedFilledUILabel.swift; sourceTree = "<group>"; };
		9844EFD520444F9F000AB55D /* TintedBGRoundedUILabel.swift */ = {isa = PBXFileReference; fileEncoding = 4; lastKnownFileType = sourcecode.swift; path = TintedBGRoundedUILabel.swift; sourceTree = "<group>"; };
		9844EFD620444F9F000AB55D /* TintedBGUILabel.swift */ = {isa = PBXFileReference; fileEncoding = 4; lastKnownFileType = sourcecode.swift; path = TintedBGUILabel.swift; sourceTree = "<group>"; };
		9844EFD720444F9F000AB55D /* TintedLocalizedUILabel.swift */ = {isa = PBXFileReference; fileEncoding = 4; lastKnownFileType = sourcecode.swift; path = TintedLocalizedUILabel.swift; sourceTree = "<group>"; };
		9844EFD820444F9F000AB55D /* TintedUILabel.swift */ = {isa = PBXFileReference; fileEncoding = 4; lastKnownFileType = sourcecode.swift; path = TintedUILabel.swift; sourceTree = "<group>"; };
		9844EFD920444F9F000AB55D /* VerticalAlignLabel.swift */ = {isa = PBXFileReference; fileEncoding = 4; lastKnownFileType = sourcecode.swift; path = VerticalAlignLabel.swift; sourceTree = "<group>"; };
		9844EFDB20444F9F000AB55D /* TintedUIActivityIndicatorView.swift */ = {isa = PBXFileReference; fileEncoding = 4; lastKnownFileType = sourcecode.swift; path = TintedUIActivityIndicatorView.swift; sourceTree = "<group>"; };
		9844EFDD20444F9F000AB55D /* TintedLocalizedUIBarButtonItem.swift */ = {isa = PBXFileReference; fileEncoding = 4; lastKnownFileType = sourcecode.swift; path = TintedLocalizedUIBarButtonItem.swift; sourceTree = "<group>"; };
		9844EFDE20444F9F000AB55D /* TintedUIBarButtonItem.swift */ = {isa = PBXFileReference; fileEncoding = 4; lastKnownFileType = sourcecode.swift; path = TintedUIBarButtonItem.swift; sourceTree = "<group>"; };
		9844EFDF20444F9F000AB55D /* TintedUINavigationBar.swift */ = {isa = PBXFileReference; fileEncoding = 4; lastKnownFileType = sourcecode.swift; path = TintedUINavigationBar.swift; sourceTree = "<group>"; };
		9844EFE120444F9F000AB55D /* CustomCollectionViewLayout.swift */ = {isa = PBXFileReference; fileEncoding = 4; lastKnownFileType = sourcecode.swift; path = CustomCollectionViewLayout.swift; sourceTree = "<group>"; };
		9844EFE220444F9F000AB55D /* LocaleKeyUITextField.swift */ = {isa = PBXFileReference; fileEncoding = 4; lastKnownFileType = sourcecode.swift; path = LocaleKeyUITextField.swift; sourceTree = "<group>"; };
		9844EFE320444F9F000AB55D /* RoundedEdgesUITableViewCell.swift */ = {isa = PBXFileReference; fileEncoding = 4; lastKnownFileType = sourcecode.swift; path = RoundedEdgesUITableViewCell.swift; sourceTree = "<group>"; };
		9844EFE420444F9F000AB55D /* TintedUIProgressView.swift */ = {isa = PBXFileReference; fileEncoding = 4; lastKnownFileType = sourcecode.swift; path = TintedUIProgressView.swift; sourceTree = "<group>"; };
		9844EFE520444F9F000AB55D /* TintedUISegmentedControl.swift */ = {isa = PBXFileReference; fileEncoding = 4; lastKnownFileType = sourcecode.swift; path = TintedUISegmentedControl.swift; sourceTree = "<group>"; };
		9844EFE620444F9F000AB55D /* TintedUISwitch.swift */ = {isa = PBXFileReference; fileEncoding = 4; lastKnownFileType = sourcecode.swift; path = TintedUISwitch.swift; sourceTree = "<group>"; };
		9844EFE820444F9F000AB55D /* KMPlaceholderTextView.swift */ = {isa = PBXFileReference; fileEncoding = 4; lastKnownFileType = sourcecode.swift; path = KMPlaceholderTextView.swift; sourceTree = "<group>"; };
		9844EFE920444F9F000AB55D /* TintedUIPlaceHolderTextView.swift */ = {isa = PBXFileReference; fileEncoding = 4; lastKnownFileType = sourcecode.swift; path = TintedUIPlaceHolderTextView.swift; sourceTree = "<group>"; };
		9844EFEB20444F9F000AB55D /* ActionViewButtonUIView.swift */ = {isa = PBXFileReference; fileEncoding = 4; lastKnownFileType = sourcecode.swift; path = ActionViewButtonUIView.swift; sourceTree = "<group>"; };
		9844EFEC20444F9F000AB55D /* ActionViewRedButtonUIView.swift */ = {isa = PBXFileReference; fileEncoding = 4; lastKnownFileType = sourcecode.swift; path = ActionViewRedButtonUIView.swift; sourceTree = "<group>"; };
		9844EFED20444F9F000AB55D /* ImageAndButtonUIView.swift */ = {isa = PBXFileReference; fileEncoding = 4; lastKnownFileType = sourcecode.swift; path = ImageAndButtonUIView.swift; sourceTree = "<group>"; };
		9844EFEE20444F9F000AB55D /* ImageButtonUIView.swift */ = {isa = PBXFileReference; fileEncoding = 4; lastKnownFileType = sourcecode.swift; path = ImageButtonUIView.swift; sourceTree = "<group>"; };
		9844EFEF20444F9F000AB55D /* LabelAndUIButtonActionUIView.swift */ = {isa = PBXFileReference; fileEncoding = 4; lastKnownFileType = sourcecode.swift; path = LabelAndUIButtonActionUIView.swift; sourceTree = "<group>"; };
		9844EFF020444F9F000AB55D /* LabeledButtonActionUIView.swift */ = {isa = PBXFileReference; fileEncoding = 4; lastKnownFileType = sourcecode.swift; path = LabeledButtonActionUIView.swift; sourceTree = "<group>"; };
		9844EFF120444F9F000AB55D /* RedButtonActionUIView.swift */ = {isa = PBXFileReference; fileEncoding = 4; lastKnownFileType = sourcecode.swift; path = RedButtonActionUIView.swift; sourceTree = "<group>"; };
		9844EFF220444F9F000AB55D /* SelectionLabelImageActionUIView.swift */ = {isa = PBXFileReference; fileEncoding = 4; lastKnownFileType = sourcecode.swift; path = SelectionLabelImageActionUIView.swift; sourceTree = "<group>"; };
		9844EFF420444F9F000AB55D /* ColoredProgressView.swift */ = {isa = PBXFileReference; fileEncoding = 4; lastKnownFileType = sourcecode.swift; path = ColoredProgressView.swift; sourceTree = "<group>"; };
		9844EFF720444F9F000AB55D /* Assets.xcassets */ = {isa = PBXFileReference; lastKnownFileType = folder.assetcatalog; path = Assets.xcassets; sourceTree = "<group>"; };
		9844EFF820444F9F000AB55D /* BasicLocationManager.swift */ = {isa = PBXFileReference; fileEncoding = 4; lastKnownFileType = sourcecode.swift; path = BasicLocationManager.swift; sourceTree = "<group>"; };
		9844EFF920444F9F000AB55D /* LocationPicker.storyboard */ = {isa = PBXFileReference; fileEncoding = 4; lastKnownFileType = file.storyboard; path = LocationPicker.storyboard; sourceTree = "<group>"; };
		9844EFFA20444F9F000AB55D /* LocationPickerViewController.swift */ = {isa = PBXFileReference; fileEncoding = 4; lastKnownFileType = sourcecode.swift; path = LocationPickerViewController.swift; sourceTree = "<group>"; };
		98B7117E1FDD29F0005E0659 /* NMBasic-Bridging-Header.h */ = {isa = PBXFileReference; fileEncoding = 4; lastKnownFileType = sourcecode.c.h; path = "NMBasic-Bridging-Header.h"; sourceTree = "<group>"; };
		98B711831FDD29F0005E0659 /* NMBasicManager.swift */ = {isa = PBXFileReference; fileEncoding = 4; lastKnownFileType = sourcecode.swift; path = NMBasicManager.swift; sourceTree = "<group>"; };
		E084DF8022DE326F290B395E /* Pods-NMBasic.debug.xcconfig */ = {isa = PBXFileReference; includeInIndex = 1; lastKnownFileType = text.xcconfig; name = "Pods-NMBasic.debug.xcconfig"; path = "Pods/Target Support Files/Pods-NMBasic/Pods-NMBasic.debug.xcconfig"; sourceTree = "<group>"; };
		FC6AC55704882CC024853792 /* Pods_NMBasic.framework */ = {isa = PBXFileReference; explicitFileType = wrapper.framework; includeInIndex = 0; path = Pods_NMBasic.framework; sourceTree = BUILT_PRODUCTS_DIR; };
/* End PBXFileReference section */

/* Begin PBXFrameworksBuildPhase section */
		980BF1BE1FDD280E00C760B9 /* Frameworks */ = {
			isa = PBXFrameworksBuildPhase;
			buildActionMask = 2147483647;
			files = (
				16382FE626FED53481E35AD8 /* Pods_NMBasic.framework in Frameworks */,
			);
			runOnlyForDeploymentPostprocessing = 0;
		};
/* End PBXFrameworksBuildPhase section */

/* Begin PBXGroup section */
		5CEA5D6213BA6D1025A1406B /* Pods */ = {
			isa = PBXGroup;
			children = (
				E084DF8022DE326F290B395E /* Pods-NMBasic.debug.xcconfig */,
				142FBC7907D65D7155C4EE07 /* Pods-NMBasic.release.xcconfig */,
			);
			name = Pods;
			sourceTree = "<group>";
		};
		980BF1B81FDD280E00C760B9 = {
			isa = PBXGroup;
			children = (
				980BF1C41FDD280E00C760B9 /* NMBasic */,
				980BF1CF1FDD280E00C760B9 /* NMBasicTests */,
				980BF1C31FDD280E00C760B9 /* Products */,
				5CEA5D6213BA6D1025A1406B /* Pods */,
				CE6C7D70188B09600989CFBE /* Frameworks */,
			);
			sourceTree = "<group>";
		};
		980BF1C31FDD280E00C760B9 /* Products */ = {
			isa = PBXGroup;
			children = (
				980BF1C21FDD280E00C760B9 /* NMBasic.framework */,
			);
			name = Products;
			sourceTree = "<group>";
		};
		980BF1C41FDD280E00C760B9 /* NMBasic */ = {
			isa = PBXGroup;
			children = (
				98B7117E1FDD29F0005E0659 /* NMBasic-Bridging-Header.h */,
				98B711831FDD29F0005E0659 /* NMBasicManager.swift */,
				9844EF7720444F9E000AB55D /* BasicExtentions */,
				9844EF6C20444F9E000AB55D /* BasicManagers */,
				9844EFB420444F9E000AB55D /* BasicObjects */,
				9844EF7320444F9E000AB55D /* BasicUIControllers */,
				9844EFB720444F9F000AB55D /* CustomViews */,
				9844EFF520444F9F000AB55D /* Modules */,
				980BF1C51FDD280E00C760B9 /* NMBasic.h */,
				980BF1C61FDD280E00C760B9 /* Info.plist */,
			);
			path = NMBasic;
			sourceTree = "<group>";
		};
		980BF1CF1FDD280E00C760B9 /* NMBasicTests */ = {
			isa = PBXGroup;
			children = (
				980BF1D01FDD280E00C760B9 /* NMBasicTests.swift */,
				980BF1D21FDD280E00C760B9 /* Info.plist */,
			);
			path = NMBasicTests;
			sourceTree = "<group>";
		};
		9844EF6C20444F9E000AB55D /* BasicManagers */ = {
			isa = PBXGroup;
			children = (
				9844EF6D20444F9E000AB55D /* BasicManager.swift */,
				9844EF6E20444F9E000AB55D /* BasicNetworkManager.swift */,
				9844EF6F20444F9E000AB55D /* BasicSQLiteDBManager.swift */,
				9844EF7020444F9E000AB55D /* CommunicationManager.swift */,
				9844EF7120444F9E000AB55D /* NMSessionManager.swift */,
				9844EF7220444F9E000AB55D /* ProgressOverlayManager.swift */,
			);
			path = BasicManagers;
			sourceTree = "<group>";
		};
		9844EF7320444F9E000AB55D /* BasicUIControllers */ = {
			isa = PBXGroup;
			children = (
				9844EF7420444F9E000AB55D /* BasicUICollectionViewController.swift */,
				9844EF7520444F9E000AB55D /* BasicUITableViewController.swift */,
				9844EF7620444F9E000AB55D /* BasicUIViewController.swift */,
			);
			path = BasicUIControllers;
			sourceTree = "<group>";
		};
		9844EF7720444F9E000AB55D /* BasicExtentions */ = {
			isa = PBXGroup;
			children = (
				9844EF7820444F9E000AB55D /* Collections */,
				9844EF7D20444F9E000AB55D /* Math */,
				9844EF8220444F9E000AB55D /* Other */,
				9844EF8B20444F9E000AB55D /* String */,
				9844EF9120444F9E000AB55D /* UIButton */,
				9844EF9320444F9E000AB55D /* UIComponents */,
				9844EF9F20444F9E000AB55D /* UIImage */,
				9844EFA220444F9E000AB55D /* UIImageView */,
				9844EFA520444F9E000AB55D /* UILabel */,
				9844EFA720444F9E000AB55D /* UINaviationComponents */,
				9844EFA820444F9E000AB55D /* UIView */,
				9844EFAD20444F9E000AB55D /* UIViewControllers */,
			);
			path = BasicExtentions;
			sourceTree = "<group>";
		};
		9844EF7820444F9E000AB55D /* Collections */ = {
			isa = PBXGroup;
			children = (
				9844EF7920444F9E000AB55D /* Data+HTML.swift */,
				9844EF7A20444F9E000AB55D /* Dictionary+Sorted.swift */,
				9844EF7B20444F9E000AB55D /* MutableCollection+Shuffle.swift */,
				9844EF7C20444F9E000AB55D /* NSArray+Shuffle.swift */,
			);
			path = Collections;
			sourceTree = "<group>";
		};
		9844EF7D20444F9E000AB55D /* Math */ = {
			isa = PBXGroup;
			children = (
				9844EF7E20444F9E000AB55D /* Double+Round.swift */,
				9844EF7F20444F9E000AB55D /* Float+Minus.swift */,
				9844EF8020444F9E000AB55D /* Int+Check.swift */,
				9844EF8120444F9E000AB55D /* Int+Minus.swift */,
			);
			path = Math;
			sourceTree = "<group>";
		};
		9844EF8220444F9E000AB55D /* Other */ = {
			isa = PBXGroup;
			children = (
				9844EF8320444F9E000AB55D /* AVCaptureDevice+Permissions.swift */,
				9844EF8420444F9E000AB55D /* Bundle+Utils.swift */,
				9844EF8520444F9E000AB55D /* CLLocation+GeoCoding.swift */,
				9844EF8620444F9E000AB55D /* CLLocationManager+Permissions.swift */,
				9844EF8720444F9E000AB55D /* DateFormatter+Utils.swift */,
				9844EF8820444F9E000AB55D /* Locale+arabic.swift */,
				9844EF8920444F9E000AB55D /* NSObject+Nullability.swift */,
				9844EF8A20444F9E000AB55D /* Settings.swift */,
			);
			path = Other;
			sourceTree = "<group>";
		};
		9844EF8B20444F9E000AB55D /* String */ = {
			isa = PBXGroup;
			children = (
				9844EF8C20444F9E000AB55D /* NSMutableAttributedString+Extra.swift */,
				9844EF8D20444F9E000AB55D /* String+Height.swift */,
				9844EF8E20444F9E000AB55D /* String+HTML.swift */,
				9844EF8F20444F9E000AB55D /* String+Language.swift */,
				9844EF9020444F9E000AB55D /* String+Validations.swift */,
			);
			path = String;
			sourceTree = "<group>";
		};
		9844EF9120444F9E000AB55D /* UIButton */ = {
			isa = PBXGroup;
			children = (
				9844EF9220444F9E000AB55D /* UIButton+Tint.swift */,
			);
			path = UIButton;
			sourceTree = "<group>";
		};
		9844EF9320444F9E000AB55D /* UIComponents */ = {
			isa = PBXGroup;
			children = (
				9844EF9420444F9E000AB55D /* Bundle+Extention.swift */,
				9844EF9520444F9E000AB55D /* UIApplication+AppDimensions.swift */,
				9844EF9620444F9E000AB55D /* UIApplication+Settings.swift */,
				9844EF9720444F9E000AB55D /* UIApplication+TopView.swift */,
				9844EF9820444F9E000AB55D /* UIApplication+URL.swift */,
				9844EF9920444F9E000AB55D /* UIBarButtonItem+Utils.swift */,
				9844EF9A20444F9E000AB55D /* UIColor+Common.swift */,
				9844EF9B20444F9E000AB55D /* UIDevice+Type.swift */,
				9844EF9C20444F9E000AB55D /* UIFont+Common.swift */,
				9844EF9D20444F9E000AB55D /* UIScreen+Dimentions.swift */,
				9844EF9E20444F9E000AB55D /* UIWindow+VisibleView.swift */,
			);
			path = UIComponents;
			sourceTree = "<group>";
		};
		9844EF9F20444F9E000AB55D /* UIImage */ = {
			isa = PBXGroup;
			children = (
				9844EFA020444F9E000AB55D /* UIImage+Colorize.swift */,
				9844EFA120444F9E000AB55D /* UIImage+Resize.swift */,
			);
			path = UIImage;
			sourceTree = "<group>";
		};
		9844EFA220444F9E000AB55D /* UIImageView */ = {
			isa = PBXGroup;
			children = (
				9844EFA320444F9E000AB55D /* UIImageView+Circle.swift */,
				9844EFA420444F9E000AB55D /* UIImageView+Colorize.swift */,
			);
			path = UIImageView;
			sourceTree = "<group>";
		};
		9844EFA520444F9E000AB55D /* UILabel */ = {
			isa = PBXGroup;
			children = (
				9844EFA620444F9E000AB55D /* UILabel+VerticalAlign.swift */,
			);
			path = UILabel;
			sourceTree = "<group>";
		};
		9844EFA720444F9E000AB55D /* UINaviationComponents */ = {
			isa = PBXGroup;
			children = (
			);
			path = UINaviationComponents;
			sourceTree = "<group>";
		};
		9844EFA820444F9E000AB55D /* UIView */ = {
			isa = PBXGroup;
			children = (
				9844EFA920444F9E000AB55D /* UIView+Animation.swift */,
				9844EFAA20444F9E000AB55D /* UIView+Constraints.swift */,
				9844EFAB20444F9E000AB55D /* UIView+Image.swift */,
				9844EFAC20444F9E000AB55D /* UIView+Round.swift */,
			);
			path = UIView;
			sourceTree = "<group>";
		};
		9844EFAD20444F9E000AB55D /* UIViewControllers */ = {
			isa = PBXGroup;
			children = (
				9844EFAE20444F9E000AB55D /* UIAlertController+Show.swift */,
				9844EFAF20444F9E000AB55D /* UICollectionViewController+Orientation.swift */,
				9844EFB020444F9E000AB55D /* UINavigationController+Orientation.swift */,
				9844EFB120444F9E000AB55D /* UITabBarController+Orientation.swift */,
				9844EFB220444F9E000AB55D /* UIViewController+Navigation.swift */,
				9844EFB320444F9E000AB55D /* UIViewController+Utils.swift */,
			);
			path = UIViewControllers;
			sourceTree = "<group>";
		};
		9844EFB420444F9E000AB55D /* BasicObjects */ = {
			isa = PBXGroup;
			children = (
				9844EFB520444F9E000AB55D /* BasicDBObject.swift */,
				9844EFB620444F9E000AB55D /* BasicObject.swift */,
			);
			path = BasicObjects;
			sourceTree = "<group>";
		};
		9844EFB720444F9F000AB55D /* CustomViews */ = {
			isa = PBXGroup;
			children = (
				9844EFB820444F9F000AB55D /* Buttons */,
				9844EFC720444F9F000AB55D /* ImageViews */,
				9844EFCE20444F9F000AB55D /* Labels */,
				9844EFDA20444F9F000AB55D /* LoadingIndicators */,
				9844EFDC20444F9F000AB55D /* Navigation */,
				9844EFE020444F9F000AB55D /* Others */,
				9844EFE720444F9F000AB55D /* TextView */,
				9844EFEA20444F9F000AB55D /* ViewButton */,
				9844EFF320444F9F000AB55D /* Views */,
			);
			path = CustomViews;
			sourceTree = "<group>";
		};
		9844EFB820444F9F000AB55D /* Buttons */ = {
			isa = PBXGroup;
			children = (
				9844EFB920444F9F000AB55D /* EnableDisableImageUIButton.swift */,
				9844EFBA20444F9F000AB55D /* LocaleKeyUIButton.swift */,
				9844EFBB20444F9F000AB55D /* RedTintedUIButton.swift */,
				9844EFBC20444F9F000AB55D /* RoundEdgesUIButton.swift */,
				9844EFBD20444F9F000AB55D /* RoundedTintedBGUIButton.swift */,
				9844EFBE20444F9F000AB55D /* SegueActionUIButton.swift */,
				9844EFBF20444F9F000AB55D /* TintedBGUIButton.swift */,
				9844EFC020444F9F000AB55D /* TintedFilledUIButton.swift */,
				9844EFC120444F9F000AB55D /* TintedGreyRoundBorderLocaleUIButton.swift */,
				9844EFC220444F9F000AB55D /* TintedImageUIButton.swift */,
				9844EFC320444F9F000AB55D /* TintedNoGreyUIButton.swift */,
				9844EFC420444F9F000AB55D /* TintedRoundBorderLocaleUIButton.swift */,
				9844EFC520444F9F000AB55D /* TintedRoundedFilledUIButton.swift */,
				9844EFC620444F9F000AB55D /* TintedUIButton.swift */,
			);
			path = Buttons;
			sourceTree = "<group>";
		};
		9844EFC720444F9F000AB55D /* ImageViews */ = {
			isa = PBXGroup;
			children = (
				9844EFC820444F9F000AB55D /* LocalizedTintedUIImageView.swift */,
				9844EFC920444F9F000AB55D /* LocalizedUIImageView.swift */,
				9844EFCA20444F9F000AB55D /* RoundedUIImageView.swift */,
				9844EFCB20444F9F000AB55D /* TintedRedUIImageView.swift */,
				9844EFCC20444F9F000AB55D /* TintedResizedUIImageView.swift */,
				9844EFCD20444F9F000AB55D /* TintedUIImageView.swift */,
			);
			path = ImageViews;
			sourceTree = "<group>";
		};
		9844EFCE20444F9F000AB55D /* Labels */ = {
			isa = PBXGroup;
			children = (
				9844EFCF20444F9F000AB55D /* AlignedUILabel.swift */,
				9844EFD020444F9F000AB55D /* LocaleAlignedUILabel.swift */,
				9844EFD120444F9F000AB55D /* LocaleKeyUILabel.swift */,
				9844EFD220444F9F000AB55D /* LocalizedUILabel.swift */,
				9844EFD320444F9F000AB55D /* NMTintedUILabel.swift */,
				9844EFD420444F9F000AB55D /* RoundedFilledUILabel.swift */,
				9844EFD520444F9F000AB55D /* TintedBGRoundedUILabel.swift */,
				9844EFD620444F9F000AB55D /* TintedBGUILabel.swift */,
				9844EFD720444F9F000AB55D /* TintedLocalizedUILabel.swift */,
				9844EFD820444F9F000AB55D /* TintedUILabel.swift */,
				9844EFD920444F9F000AB55D /* VerticalAlignLabel.swift */,
			);
			path = Labels;
			sourceTree = "<group>";
		};
		9844EFDA20444F9F000AB55D /* LoadingIndicators */ = {
			isa = PBXGroup;
			children = (
				9844EFDB20444F9F000AB55D /* TintedUIActivityIndicatorView.swift */,
			);
			path = LoadingIndicators;
			sourceTree = "<group>";
		};
		9844EFDC20444F9F000AB55D /* Navigation */ = {
			isa = PBXGroup;
			children = (
				9844EFDD20444F9F000AB55D /* TintedLocalizedUIBarButtonItem.swift */,
				9844EFDE20444F9F000AB55D /* TintedUIBarButtonItem.swift */,
				9844EFDF20444F9F000AB55D /* TintedUINavigationBar.swift */,
			);
			path = Navigation;
			sourceTree = "<group>";
		};
		9844EFE020444F9F000AB55D /* Others */ = {
			isa = PBXGroup;
			children = (
				9844EFE120444F9F000AB55D /* CustomCollectionViewLayout.swift */,
				9844EFE220444F9F000AB55D /* LocaleKeyUITextField.swift */,
				9844EFE320444F9F000AB55D /* RoundedEdgesUITableViewCell.swift */,
				9844EFE420444F9F000AB55D /* TintedUIProgressView.swift */,
				9844EFE520444F9F000AB55D /* TintedUISegmentedControl.swift */,
				9844EFE620444F9F000AB55D /* TintedUISwitch.swift */,
			);
			path = Others;
			sourceTree = "<group>";
		};
		9844EFE720444F9F000AB55D /* TextView */ = {
			isa = PBXGroup;
			children = (
				9844EFE820444F9F000AB55D /* KMPlaceholderTextView.swift */,
				9844EFE920444F9F000AB55D /* TintedUIPlaceHolderTextView.swift */,
			);
			path = TextView;
			sourceTree = "<group>";
		};
		9844EFEA20444F9F000AB55D /* ViewButton */ = {
			isa = PBXGroup;
			children = (
				9844EFEB20444F9F000AB55D /* ActionViewButtonUIView.swift */,
				9844EFEC20444F9F000AB55D /* ActionViewRedButtonUIView.swift */,
				9844EFED20444F9F000AB55D /* ImageAndButtonUIView.swift */,
				9844EFEE20444F9F000AB55D /* ImageButtonUIView.swift */,
				9844EFEF20444F9F000AB55D /* LabelAndUIButtonActionUIView.swift */,
				9844EFF020444F9F000AB55D /* LabeledButtonActionUIView.swift */,
				9844EFF120444F9F000AB55D /* RedButtonActionUIView.swift */,
				9844EFF220444F9F000AB55D /* SelectionLabelImageActionUIView.swift */,
			);
			path = ViewButton;
			sourceTree = "<group>";
		};
		9844EFF320444F9F000AB55D /* Views */ = {
			isa = PBXGroup;
			children = (
				9844EFF420444F9F000AB55D /* ColoredProgressView.swift */,
			);
			path = Views;
			sourceTree = "<group>";
		};
		9844EFF520444F9F000AB55D /* Modules */ = {
			isa = PBXGroup;
			children = (
				9844EFF620444F9F000AB55D /* Location */,
			);
			path = Modules;
			sourceTree = "<group>";
		};
		9844EFF620444F9F000AB55D /* Location */ = {
			isa = PBXGroup;
			children = (
				9844EFF720444F9F000AB55D /* Assets.xcassets */,
				9844EFF820444F9F000AB55D /* BasicLocationManager.swift */,
				9844EFF920444F9F000AB55D /* LocationPicker.storyboard */,
				9844EFFA20444F9F000AB55D /* LocationPickerViewController.swift */,
			);
			path = Location;
			sourceTree = "<group>";
		};
		CE6C7D70188B09600989CFBE /* Frameworks */ = {
			isa = PBXGroup;
			children = (
				FC6AC55704882CC024853792 /* Pods_NMBasic.framework */,
			);
			name = Frameworks;
			sourceTree = "<group>";
		};
/* End PBXGroup section */

/* Begin PBXHeadersBuildPhase section */
		980BF1BF1FDD280E00C760B9 /* Headers */ = {
			isa = PBXHeadersBuildPhase;
			buildActionMask = 2147483647;
			files = (
				98B7122D1FDD29F0005E0659 /* NMBasic-Bridging-Header.h in Headers */,
				980BF1D31FDD280E00C760B9 /* NMBasic.h in Headers */,
			);
			runOnlyForDeploymentPostprocessing = 0;
		};
/* End PBXHeadersBuildPhase section */

/* Begin PBXNativeTarget section */
		980BF1C11FDD280E00C760B9 /* NMBasic */ = {
			isa = PBXNativeTarget;
			buildConfigurationList = 980BF1D61FDD280E00C760B9 /* Build configuration list for PBXNativeTarget "NMBasic" */;
			buildPhases = (
				C4DD159B020F257AF9DC219E /* [CP] Check Pods Manifest.lock */,
				980BF1BD1FDD280E00C760B9 /* Sources */,
				980BF1BE1FDD280E00C760B9 /* Frameworks */,
				980BF1BF1FDD280E00C760B9 /* Headers */,
				980BF1C01FDD280E00C760B9 /* Resources */,
				8CD1A7CE379E252E04C97145 /* [CP] Copy Pods Resources */,
			);
			buildRules = (
			);
			dependencies = (
			);
			name = NMBasic;
			productName = NMBasic;
			productReference = 980BF1C21FDD280E00C760B9 /* NMBasic.framework */;
			productType = "com.apple.product-type.framework";
		};
/* End PBXNativeTarget section */

/* Begin PBXProject section */
		980BF1B91FDD280E00C760B9 /* Project object */ = {
			isa = PBXProject;
			attributes = {
				LastSwiftUpdateCheck = 0910;
				LastUpgradeCheck = 0910;
				ORGANIZATIONNAME = "Nahla Mortada";
				TargetAttributes = {
					980BF1C11FDD280E00C760B9 = {
						CreatedOnToolsVersion = 9.1;
						LastSwiftMigration = 0910;
						ProvisioningStyle = Automatic;
					};
				};
			};
			buildConfigurationList = 980BF1BC1FDD280E00C760B9 /* Build configuration list for PBXProject "NMBasic" */;
			compatibilityVersion = "Xcode 8.0";
			developmentRegion = en;
			hasScannedForEncodings = 0;
			knownRegions = (
				en,
			);
			mainGroup = 980BF1B81FDD280E00C760B9;
			productRefGroup = 980BF1C31FDD280E00C760B9 /* Products */;
			projectDirPath = "";
			projectRoot = "";
			targets = (
				980BF1C11FDD280E00C760B9 /* NMBasic */,
			);
		};
/* End PBXProject section */

/* Begin PBXResourcesBuildPhase section */
		980BF1C01FDD280E00C760B9 /* Resources */ = {
			isa = PBXResourcesBuildPhase;
			buildActionMask = 2147483647;
			files = (
				9844F06A20444F9F000AB55D /* Assets.xcassets in Resources */,
				9844F06C20444F9F000AB55D /* LocationPicker.storyboard in Resources */,
			);
			runOnlyForDeploymentPostprocessing = 0;
		};
/* End PBXResourcesBuildPhase section */

/* Begin PBXShellScriptBuildPhase section */
		8CD1A7CE379E252E04C97145 /* [CP] Copy Pods Resources */ = {
			isa = PBXShellScriptBuildPhase;
			buildActionMask = 2147483647;
			files = (
			);
			inputPaths = (
			);
			name = "[CP] Copy Pods Resources";
			outputPaths = (
			);
			runOnlyForDeploymentPostprocessing = 0;
			shellPath = /bin/sh;
			shellScript = "\"${SRCROOT}/Pods/Target Support Files/Pods-NMBasic/Pods-NMBasic-resources.sh\"\n";
			showEnvVarsInLog = 0;
		};
		C4DD159B020F257AF9DC219E /* [CP] Check Pods Manifest.lock */ = {
			isa = PBXShellScriptBuildPhase;
			buildActionMask = 2147483647;
			files = (
			);
			inputPaths = (
				"${PODS_PODFILE_DIR_PATH}/Podfile.lock",
				"${PODS_ROOT}/Manifest.lock",
			);
			name = "[CP] Check Pods Manifest.lock";
			outputPaths = (
				"$(DERIVED_FILE_DIR)/Pods-NMBasic-checkManifestLockResult.txt",
			);
			runOnlyForDeploymentPostprocessing = 0;
			shellPath = /bin/sh;
			shellScript = "diff \"${PODS_PODFILE_DIR_PATH}/Podfile.lock\" \"${PODS_ROOT}/Manifest.lock\" > /dev/null\nif [ $? != 0 ] ; then\n    # print error to STDERR\n    echo \"error: The sandbox is not in sync with the Podfile.lock. Run 'pod install' or update your CocoaPods installation.\" >&2\n    exit 1\nfi\n# This output is used by Xcode 'outputs' to avoid re-running this script phase.\necho \"SUCCESS\" > \"${SCRIPT_OUTPUT_FILE_0}\"\n";
			showEnvVarsInLog = 0;
		};
/* End PBXShellScriptBuildPhase section */

/* Begin PBXSourcesBuildPhase section */
		980BF1BD1FDD280E00C760B9 /* Sources */ = {
			isa = PBXSourcesBuildPhase;
			buildActionMask = 2147483647;
			files = (
				9844F02820444F9F000AB55D /* UIImageView+Colorize.swift in Sources */,
				9844F03520444F9F000AB55D /* BasicObject.swift in Sources */,
				9844F02E20444F9F000AB55D /* UIAlertController+Show.swift in Sources */,
				9844EFFE20444F9F000AB55D /* CommunicationManager.swift in Sources */,
				9844F00E20444F9F000AB55D /* CLLocation+GeoCoding.swift in Sources */,
				9844F01F20444F9F000AB55D /* UIBarButtonItem+Utils.swift in Sources */,
				9844F06B20444F9F000AB55D /* BasicLocationManager.swift in Sources */,
				9844F02C20444F9F000AB55D /* UIView+Image.swift in Sources */,
				9844F01320444F9F000AB55D /* Settings.swift in Sources */,
				9844F03C20444F9F000AB55D /* TintedBGUIButton.swift in Sources */,
				9844F03A20444F9F000AB55D /* RoundedTintedBGUIButton.swift in Sources */,
				9844F04D20444F9F000AB55D /* LocalizedUILabel.swift in Sources */,
				9844F01220444F9F000AB55D /* NSObject+Nullability.swift in Sources */,
				9844F01420444F9F000AB55D /* NSMutableAttributedString+Extra.swift in Sources */,
				9844F02B20444F9F000AB55D /* UIView+Constraints.swift in Sources */,
				9844F06420444F9F000AB55D /* ImageButtonUIView.swift in Sources */,
				9844F00F20444F9F000AB55D /* CLLocationManager+Permissions.swift in Sources */,
				9844F05820444F9F000AB55D /* TintedUINavigationBar.swift in Sources */,
				9844F02420444F9F000AB55D /* UIWindow+VisibleView.swift in Sources */,
				9844F05220444F9F000AB55D /* TintedLocalizedUILabel.swift in Sources */,
				9844F00C20444F9F000AB55D /* AVCaptureDevice+Permissions.swift in Sources */,
				9844F04520444F9F000AB55D /* LocalizedUIImageView.swift in Sources */,
				9844F00820444F9F000AB55D /* Double+Round.swift in Sources */,
				9844F03F20444F9F000AB55D /* TintedImageUIButton.swift in Sources */,
				9844F05920444F9F000AB55D /* CustomCollectionViewLayout.swift in Sources */,
				9844F05520444F9F000AB55D /* TintedUIActivityIndicatorView.swift in Sources */,
				9844F03020444F9F000AB55D /* UINavigationController+Orientation.swift in Sources */,
				9844F02320444F9F000AB55D /* UIScreen+Dimentions.swift in Sources */,
				9844F06620444F9F000AB55D /* LabeledButtonActionUIView.swift in Sources */,
				9844F00420444F9F000AB55D /* Data+HTML.swift in Sources */,
				9844F05120444F9F000AB55D /* TintedBGUILabel.swift in Sources */,
				9844F05B20444F9F000AB55D /* RoundedEdgesUITableViewCell.swift in Sources */,
				9844F04920444F9F000AB55D /* TintedUIImageView.swift in Sources */,
				9844F04720444F9F000AB55D /* TintedRedUIImageView.swift in Sources */,
				9844F06020444F9F000AB55D /* TintedUIPlaceHolderTextView.swift in Sources */,
				9844F01A20444F9F000AB55D /* Bundle+Extention.swift in Sources */,
				9844F04B20444F9F000AB55D /* LocaleAlignedUILabel.swift in Sources */,
				9844F04220444F9F000AB55D /* TintedRoundedFilledUIButton.swift in Sources */,
				9844F01520444F9F000AB55D /* String+Height.swift in Sources */,
				9844F05E20444F9F000AB55D /* TintedUISwitch.swift in Sources */,
				9844EFFF20444F9F000AB55D /* NMSessionManager.swift in Sources */,
				9844F03120444F9F000AB55D /* UITabBarController+Orientation.swift in Sources */,
				9844F04420444F9F000AB55D /* LocalizedTintedUIImageView.swift in Sources */,
				9844F04020444F9F000AB55D /* TintedNoGreyUIButton.swift in Sources */,
				9844F04320444F9F000AB55D /* TintedUIButton.swift in Sources */,
				9844F03B20444F9F000AB55D /* SegueActionUIButton.swift in Sources */,
				9844F02220444F9F000AB55D /* UIFont+Common.swift in Sources */,
				9844F05320444F9F000AB55D /* TintedUILabel.swift in Sources */,
				9844F05A20444F9F000AB55D /* LocaleKeyUITextField.swift in Sources */,
				9844F06D20444F9F000AB55D /* LocationPickerViewController.swift in Sources */,
				9844EFFB20444F9F000AB55D /* BasicManager.swift in Sources */,
				9844F00220444F9F000AB55D /* BasicUITableViewController.swift in Sources */,
				9844F03320444F9F000AB55D /* UIViewController+Utils.swift in Sources */,
				9844F02D20444F9F000AB55D /* UIView+Round.swift in Sources */,
				9844F05720444F9F000AB55D /* TintedUIBarButtonItem.swift in Sources */,
				9844F00B20444F9F000AB55D /* Int+Minus.swift in Sources */,
				9844F03D20444F9F000AB55D /* TintedFilledUIButton.swift in Sources */,
				9844F05C20444F9F000AB55D /* TintedUIProgressView.swift in Sources */,
				9844F02920444F9F000AB55D /* UILabel+VerticalAlign.swift in Sources */,
				9844F00120444F9F000AB55D /* BasicUICollectionViewController.swift in Sources */,
				9844EFFC20444F9F000AB55D /* BasicNetworkManager.swift in Sources */,
				9844F02F20444F9F000AB55D /* UICollectionViewController+Orientation.swift in Sources */,
				9844F06320444F9F000AB55D /* ImageAndButtonUIView.swift in Sources */,
				9844F04E20444F9F000AB55D /* NMTintedUILabel.swift in Sources */,
				9844F01D20444F9F000AB55D /* UIApplication+TopView.swift in Sources */,
				9844F03720444F9F000AB55D /* LocaleKeyUIButton.swift in Sources */,
				9844F00020444F9F000AB55D /* ProgressOverlayManager.swift in Sources */,
				9844F02620444F9F000AB55D /* UIImage+Resize.swift in Sources */,
				9844F04A20444F9F000AB55D /* AlignedUILabel.swift in Sources */,
				9844F02720444F9F000AB55D /* UIImageView+Circle.swift in Sources */,
				9844F00A20444F9F000AB55D /* Int+Check.swift in Sources */,
				9844F01920444F9F000AB55D /* UIButton+Tint.swift in Sources */,
				9844F06520444F9F000AB55D /* LabelAndUIButtonActionUIView.swift in Sources */,
				9844F01E20444F9F000AB55D /* UIApplication+URL.swift in Sources */,
				9844F01720444F9F000AB55D /* String+Language.swift in Sources */,
				9844F05420444F9F000AB55D /* VerticalAlignLabel.swift in Sources */,
				9844F00920444F9F000AB55D /* Float+Minus.swift in Sources */,
				9844F04820444F9F000AB55D /* TintedResizedUIImageView.swift in Sources */,
				9844F03220444F9F000AB55D /* UIViewController+Navigation.swift in Sources */,
				9844F04F20444F9F000AB55D /* RoundedFilledUILabel.swift in Sources */,
				9844F02520444F9F000AB55D /* UIImage+Colorize.swift in Sources */,
				9844F06820444F9F000AB55D /* SelectionLabelImageActionUIView.swift in Sources */,
				9844F03420444F9F000AB55D /* BasicDBObject.swift in Sources */,
				9844F02020444F9F000AB55D /* UIColor+Common.swift in Sources */,
				9844F06120444F9F000AB55D /* ActionViewButtonUIView.swift in Sources */,
				9844F01020444F9F000AB55D /* DateFormatter+Utils.swift in Sources */,
				9844F01B20444F9F000AB55D /* UIApplication+AppDimensions.swift in Sources */,
				9844F05020444F9F000AB55D /* TintedBGRoundedUILabel.swift in Sources */,
				9844F03620444F9F000AB55D /* EnableDisableImageUIButton.swift in Sources */,
				9844F06220444F9F000AB55D /* ActionViewRedButtonUIView.swift in Sources */,
				9844F00720444F9F000AB55D /* NSArray+Shuffle.swift in Sources */,
				9844F00620444F9F000AB55D /* MutableCollection+Shuffle.swift in Sources */,
				9844F04620444F9F000AB55D /* RoundedUIImageView.swift in Sources */,
				9844F00D20444F9F000AB55D /* Bundle+Utils.swift in Sources */,
				9844F06920444F9F000AB55D /* ColoredProgressView.swift in Sources */,
				9844F01820444F9F000AB55D /* String+Validations.swift in Sources */,
				9844F05F20444F9F000AB55D /* KMPlaceholderTextView.swift in Sources */,
				9844F05D20444F9F000AB55D /* TintedUISegmentedControl.swift in Sources */,
				9844F05620444F9F000AB55D /* TintedLocalizedUIBarButtonItem.swift in Sources */,
				9844F01C20444F9F000AB55D /* UIApplication+Settings.swift in Sources */,
				9844F02120444F9F000AB55D /* UIDevice+Type.swift in Sources */,
				9844F01120444F9F000AB55D /* Locale+arabic.swift in Sources */,
				9844F00520444F9F000AB55D /* Dictionary+Sorted.swift in Sources */,
				9844F00320444F9F000AB55D /* BasicUIViewController.swift in Sources */,
				9844F04C20444F9F000AB55D /* LocaleKeyUILabel.swift in Sources */,
				9844F04120444F9F000AB55D /* TintedRoundBorderLocaleUIButton.swift in Sources */,
				9844F03820444F9F000AB55D /* RedTintedUIButton.swift in Sources */,
				9844F03E20444F9F000AB55D /* TintedGreyRoundBorderLocaleUIButton.swift in Sources */,
				9844F06720444F9F000AB55D /* RedButtonActionUIView.swift in Sources */,
				9844EFFD20444F9F000AB55D /* BasicSQLiteDBManager.swift in Sources */,
				9844F01620444F9F000AB55D /* String+HTML.swift in Sources */,
				9844F03920444F9F000AB55D /* RoundEdgesUIButton.swift in Sources */,
				9844F02A20444F9F000AB55D /* UIView+Animation.swift in Sources */,
				98B712341FDD29F0005E0659 /* NMBasicManager.swift in Sources */,
			);
			runOnlyForDeploymentPostprocessing = 0;
		};
/* End PBXSourcesBuildPhase section */

/* Begin XCBuildConfiguration section */
		980BF1D41FDD280E00C760B9 /* Debug */ = {
			isa = XCBuildConfiguration;
			buildSettings = {
				ALWAYS_SEARCH_USER_PATHS = NO;
				CLANG_ANALYZER_NONNULL = YES;
				CLANG_ANALYZER_NUMBER_OBJECT_CONVERSION = YES_AGGRESSIVE;
				CLANG_CXX_LANGUAGE_STANDARD = "gnu++14";
				CLANG_CXX_LIBRARY = "libc++";
				CLANG_ENABLE_MODULES = YES;
				CLANG_ENABLE_OBJC_ARC = YES;
				CLANG_WARN_BLOCK_CAPTURE_AUTORELEASING = YES;
				CLANG_WARN_BOOL_CONVERSION = YES;
				CLANG_WARN_COMMA = YES;
				CLANG_WARN_CONSTANT_CONVERSION = YES;
				CLANG_WARN_DIRECT_OBJC_ISA_USAGE = YES_ERROR;
				CLANG_WARN_DOCUMENTATION_COMMENTS = YES;
				CLANG_WARN_EMPTY_BODY = YES;
				CLANG_WARN_ENUM_CONVERSION = YES;
				CLANG_WARN_INFINITE_RECURSION = YES;
				CLANG_WARN_INT_CONVERSION = YES;
				CLANG_WARN_NON_LITERAL_NULL_CONVERSION = YES;
				CLANG_WARN_OBJC_LITERAL_CONVERSION = YES;
				CLANG_WARN_OBJC_ROOT_CLASS = YES_ERROR;
				CLANG_WARN_RANGE_LOOP_ANALYSIS = YES;
				CLANG_WARN_STRICT_PROTOTYPES = YES;
				CLANG_WARN_SUSPICIOUS_MOVE = YES;
				CLANG_WARN_UNGUARDED_AVAILABILITY = YES_AGGRESSIVE;
				CLANG_WARN_UNREACHABLE_CODE = YES;
				CLANG_WARN__DUPLICATE_METHOD_MATCH = YES;
				CODE_SIGN_IDENTITY = "iPhone Developer";
				COPY_PHASE_STRIP = NO;
				CURRENT_PROJECT_VERSION = 1;
				DEBUG_INFORMATION_FORMAT = dwarf;
				ENABLE_STRICT_OBJC_MSGSEND = YES;
				ENABLE_TESTABILITY = YES;
				GCC_C_LANGUAGE_STANDARD = gnu11;
				GCC_DYNAMIC_NO_PIC = NO;
				GCC_NO_COMMON_BLOCKS = YES;
				GCC_OPTIMIZATION_LEVEL = 0;
				GCC_PREPROCESSOR_DEFINITIONS = (
					"DEBUG=1",
					"$(inherited)",
				);
				GCC_WARN_64_TO_32_BIT_CONVERSION = YES;
				GCC_WARN_ABOUT_RETURN_TYPE = YES_ERROR;
				GCC_WARN_UNDECLARED_SELECTOR = YES;
				GCC_WARN_UNINITIALIZED_AUTOS = YES_AGGRESSIVE;
				GCC_WARN_UNUSED_FUNCTION = YES;
				GCC_WARN_UNUSED_VARIABLE = YES;
				IPHONEOS_DEPLOYMENT_TARGET = 9.0;
				MTL_ENABLE_DEBUG_INFO = YES;
				ONLY_ACTIVE_ARCH = YES;
				SDKROOT = iphoneos;
				SWIFT_ACTIVE_COMPILATION_CONDITIONS = DEBUG;
				SWIFT_OBJC_BRIDGING_HEADER = "NMBasic/NMBasic-Bridging-Header.h";
				SWIFT_OPTIMIZATION_LEVEL = "-Onone";
				SWIFT_VERSION = 4.0;
				VERSIONING_SYSTEM = "apple-generic";
				VERSION_INFO_PREFIX = "";
			};
			name = Debug;
		};
		980BF1D51FDD280E00C760B9 /* Release */ = {
			isa = XCBuildConfiguration;
			buildSettings = {
				ALWAYS_SEARCH_USER_PATHS = NO;
				CLANG_ANALYZER_NONNULL = YES;
				CLANG_ANALYZER_NUMBER_OBJECT_CONVERSION = YES_AGGRESSIVE;
				CLANG_CXX_LANGUAGE_STANDARD = "gnu++14";
				CLANG_CXX_LIBRARY = "libc++";
				CLANG_ENABLE_MODULES = YES;
				CLANG_ENABLE_OBJC_ARC = YES;
				CLANG_WARN_BLOCK_CAPTURE_AUTORELEASING = YES;
				CLANG_WARN_BOOL_CONVERSION = YES;
				CLANG_WARN_COMMA = YES;
				CLANG_WARN_CONSTANT_CONVERSION = YES;
				CLANG_WARN_DIRECT_OBJC_ISA_USAGE = YES_ERROR;
				CLANG_WARN_DOCUMENTATION_COMMENTS = YES;
				CLANG_WARN_EMPTY_BODY = YES;
				CLANG_WARN_ENUM_CONVERSION = YES;
				CLANG_WARN_INFINITE_RECURSION = YES;
				CLANG_WARN_INT_CONVERSION = YES;
				CLANG_WARN_NON_LITERAL_NULL_CONVERSION = YES;
				CLANG_WARN_OBJC_LITERAL_CONVERSION = YES;
				CLANG_WARN_OBJC_ROOT_CLASS = YES_ERROR;
				CLANG_WARN_RANGE_LOOP_ANALYSIS = YES;
				CLANG_WARN_STRICT_PROTOTYPES = YES;
				CLANG_WARN_SUSPICIOUS_MOVE = YES;
				CLANG_WARN_UNGUARDED_AVAILABILITY = YES_AGGRESSIVE;
				CLANG_WARN_UNREACHABLE_CODE = YES;
				CLANG_WARN__DUPLICATE_METHOD_MATCH = YES;
				CODE_SIGN_IDENTITY = "iPhone Developer";
				COPY_PHASE_STRIP = NO;
				CURRENT_PROJECT_VERSION = 1;
				DEBUG_INFORMATION_FORMAT = "dwarf-with-dsym";
				ENABLE_NS_ASSERTIONS = NO;
				ENABLE_STRICT_OBJC_MSGSEND = YES;
				GCC_C_LANGUAGE_STANDARD = gnu11;
				GCC_NO_COMMON_BLOCKS = YES;
				GCC_WARN_64_TO_32_BIT_CONVERSION = YES;
				GCC_WARN_ABOUT_RETURN_TYPE = YES_ERROR;
				GCC_WARN_UNDECLARED_SELECTOR = YES;
				GCC_WARN_UNINITIALIZED_AUTOS = YES_AGGRESSIVE;
				GCC_WARN_UNUSED_FUNCTION = YES;
				GCC_WARN_UNUSED_VARIABLE = YES;
				IPHONEOS_DEPLOYMENT_TARGET = 9.0;
				MTL_ENABLE_DEBUG_INFO = NO;
				SDKROOT = iphoneos;
				SWIFT_OBJC_BRIDGING_HEADER = "NMBasic/NMBasic-Bridging-Header.h";
				SWIFT_OPTIMIZATION_LEVEL = "-Owholemodule";
				SWIFT_VERSION = 4.0;
				VALIDATE_PRODUCT = YES;
				VERSIONING_SYSTEM = "apple-generic";
				VERSION_INFO_PREFIX = "";
			};
			name = Release;
		};
		980BF1D71FDD280E00C760B9 /* Debug */ = {
			isa = XCBuildConfiguration;
			baseConfigurationReference = E084DF8022DE326F290B395E /* Pods-NMBasic.debug.xcconfig */;
			buildSettings = {
				CLANG_ENABLE_MODULES = YES;
				CODE_SIGN_IDENTITY = "";
				CODE_SIGN_STYLE = Automatic;
				DEFINES_MODULE = YES;
				DEVELOPMENT_TEAM = 5Z85UG7B69;
				DYLIB_COMPATIBILITY_VERSION = 1;
				DYLIB_CURRENT_VERSION = 1;
				DYLIB_INSTALL_NAME_BASE = "@rpath";
				FRAMEWORK_SEARCH_PATHS = (
					"$(inherited)",
					"$(PROJECT_DIR)/NMBasic/Frameworks",
				);
				INFOPLIST_FILE = NMBasic/Info.plist;
				INSTALL_PATH = "$(LOCAL_LIBRARY_DIR)/Frameworks";
				LD_RUNPATH_SEARCH_PATHS = "$(inherited) @executable_path/Frameworks @loader_path/Frameworks";
				PRODUCT_BUNDLE_IDENTIFIER = com.nahla.NMBasic;
				PRODUCT_NAME = "$(TARGET_NAME:c99extidentifier)";
				SKIP_INSTALL = YES;
				SWIFT_OBJC_BRIDGING_HEADER = "";
				SWIFT_OPTIMIZATION_LEVEL = "-Onone";
				SWIFT_VERSION = 4.0;
				TARGETED_DEVICE_FAMILY = 1;
			};
			name = Debug;
		};
		980BF1D81FDD280E00C760B9 /* Release */ = {
			isa = XCBuildConfiguration;
			baseConfigurationReference = 142FBC7907D65D7155C4EE07 /* Pods-NMBasic.release.xcconfig */;
			buildSettings = {
				CLANG_ENABLE_MODULES = YES;
				CODE_SIGN_IDENTITY = "";
				CODE_SIGN_STYLE = Automatic;
				DEFINES_MODULE = YES;
				DEVELOPMENT_TEAM = 5Z85UG7B69;
				DYLIB_COMPATIBILITY_VERSION = 1;
				DYLIB_CURRENT_VERSION = 1;
				DYLIB_INSTALL_NAME_BASE = "@rpath";
				FRAMEWORK_SEARCH_PATHS = (
					"$(inherited)",
					"$(PROJECT_DIR)/NMBasic/Frameworks",
				);
				INFOPLIST_FILE = NMBasic/Info.plist;
				INSTALL_PATH = "$(LOCAL_LIBRARY_DIR)/Frameworks";
				LD_RUNPATH_SEARCH_PATHS = "$(inherited) @executable_path/Frameworks @loader_path/Frameworks";
				PRODUCT_BUNDLE_IDENTIFIER = com.nahla.NMBasic;
				PRODUCT_NAME = "$(TARGET_NAME:c99extidentifier)";
				SKIP_INSTALL = YES;
				SWIFT_OBJC_BRIDGING_HEADER = "";
				SWIFT_VERSION = 4.0;
				TARGETED_DEVICE_FAMILY = 1;
			};
			name = Release;
		};
/* End XCBuildConfiguration section */

/* Begin XCConfigurationList section */
		980BF1BC1FDD280E00C760B9 /* Build configuration list for PBXProject "NMBasic" */ = {
			isa = XCConfigurationList;
			buildConfigurations = (
				980BF1D41FDD280E00C760B9 /* Debug */,
				980BF1D51FDD280E00C760B9 /* Release */,
			);
			defaultConfigurationIsVisible = 0;
			defaultConfigurationName = Release;
		};
		980BF1D61FDD280E00C760B9 /* Build configuration list for PBXNativeTarget "NMBasic" */ = {
			isa = XCConfigurationList;
			buildConfigurations = (
				980BF1D71FDD280E00C760B9 /* Debug */,
				980BF1D81FDD280E00C760B9 /* Release */,
			);
			defaultConfigurationIsVisible = 0;
			defaultConfigurationName = Release;
		};
/* End XCConfigurationList section */
	};
	rootObject = 980BF1B91FDD280E00C760B9 /* Project object */;
}
